# This file is automatically @generated by Poetry 2.2.1 and should not be changed by hand.

[[package]]
name = "click"
version = "8.3.1"
description = "Composable command line interface toolkit"
optional = false
python-versions = ">=3.10"
groups = ["main"]
files = [
    {file = "click-8.3.1-py3-none-any.whl", hash = "sha256:981153a64e25f12d547d3426c367a4857371575ee7ad18df2a6183ab0545b2a6"},
    {file = "click-8.3.1.tar.gz", hash = "sha256:12ff4785d337a1bb490bb7e9c2b1ee5da3112e94a8622f26a6c77f5d2fc6842a"},
]

[package.dependencies]
colorama = {version = "*", markers = "platform_system == \"Windows\""}

[[package]]
name = "colorama"
version = "0.4.6"
description = "Cross-platform colored terminal text."
optional = false
python-versions = "!=3.0.*,!=3.1.*,!=3.2.*,!=3.3.*,!=3.4.*,!=3.5.*,!=3.6.*,>=2.7"
groups = ["main", "dev"]
files = [
    {file = "colorama-0.4.6-py2.py3-none-any.whl", hash = "sha256:4f1d9991f5acc0ca119f9d443620b77f9d6b33703e51011c16baf57afb285fc6"},
    {file = "colorama-0.4.6.tar.gz", hash = "sha256:08695f5cb7ed6e0531a20572697297273c47b8cae5a63ffc6d6ed5c201be6e44"},
]
markers = {main = "platform_system == \"Windows\" or sys_platform == \"win32\"", dev = "sys_platform == \"win32\""}

[[package]]
name = "coverage"
version = "7.13.1"
description = "Code coverage measurement for Python"
optional = false
python-versions = ">=3.10"
groups = ["main", "dev"]
files = [
    {file = "coverage-7.13.1-cp310-cp310-macosx_10_9_x86_64.whl", hash = "sha256:e1fa280b3ad78eea5be86f94f461c04943d942697e0dac889fa18fff8f5f9147"},
    {file = "coverage-7.13.1-cp310-cp310-macosx_11_0_arm64.whl", hash = "sha256:c3d8c679607220979434f494b139dfb00131ebf70bb406553d69c1ff01a5c33d"},
    {file = "coverage-7.13.1-cp310-cp310-manylinux1_i686.manylinux_2_28_i686.manylinux_2_5_i686.whl", hash = "sha256:339dc63b3eba969067b00f41f15ad161bf2946613156fb131266d8debc8e44d0"},
    {file = "coverage-7.13.1-cp310-cp310-manylinux1_x86_64.manylinux_2_28_x86_64.manylinux_2_5_x86_64.whl", hash = "sha256:db622b999ffe49cb891f2fff3b340cdc2f9797d01a0a202a0973ba2562501d90"},
    {file = "coverage-7.13.1-cp310-cp310-manylinux2014_aarch64.manylinux_2_17_aarch64.manylinux_2_28_aarch64.whl", hash = "sha256:d1443ba9acbb593fa7c1c29e011d7c9761545fe35e7652e85ce7f51a16f7e08d"},
    {file = "coverage-7.13.1-cp310-cp310-manylinux_2_31_riscv64.manylinux_2_39_riscv64.whl", hash = "sha256:c832ec92c4499ac463186af72f9ed4d8daec15499b16f0a879b0d1c8e5cf4a3b"},
    {file = "coverage-7.13.1-cp310-cp310-musllinux_1_2_aarch64.whl", hash = "sha256:562ec27dfa3f311e0db1ba243ec6e5f6ab96b1edfcfc6cf86f28038bc4961ce6"},
    {file = "coverage-7.13.1-cp310-cp310-musllinux_1_2_i686.whl", hash = "sha256:4de84e71173d4dada2897e5a0e1b7877e5eefbfe0d6a44edee6ce31d9b8ec09e"},
    {file = "coverage-7.13.1-cp310-cp310-musllinux_1_2_riscv64.whl", hash = "sha256:a5a68357f686f8c4d527a2dc04f52e669c2fc1cbde38f6f7eb6a0e58cbd17cae"},
    {file = "coverage-7.13.1-cp310-cp310-musllinux_1_2_x86_64.whl", hash = "sha256:77cc258aeb29a3417062758975521eae60af6f79e930d6993555eeac6a8eac29"},
    {file = "coverage-7.13.1-cp310-cp310-win32.whl", hash = "sha256:bb4f8c3c9a9f34423dba193f241f617b08ffc63e27f67159f60ae6baf2dcfe0f"},
    {file = "coverage-7.13.1-cp310-cp310-win_amd64.whl", hash = "sha256:c8e2706ceb622bc63bac98ebb10ef5da80ed70fbd8a7999a5076de3afaef0fb1"},
    {file = "coverage-7.13.1-cp311-cp311-macosx_10_9_x86_64.whl", hash = "sha256:1a55d509a1dc5a5b708b5dad3b5334e07a16ad4c2185e27b40e4dba796ab7f88"},
    {file = "coverage-7.13.1-cp311-cp311-macosx_11_0_arm64.whl", hash = "sha256:4d010d080c4888371033baab27e47c9df7d6fb28d0b7b7adf85a4a49be9298b3"},
    {file = "coverage-7.13.1-cp311-cp311-manylinux1_i686.manylinux_2_28_i686.manylinux_2_5_i686.whl", hash = "sha256:d938b4a840fb1523b9dfbbb454f652967f18e197569c32266d4d13f37244c3d9"},
    {file = "coverage-7.13.1-cp311-cp311-manylinux1_x86_64.manylinux_2_28_x86_64.manylinux_2_5_x86_64.whl", hash = "sha256:bf100a3288f9bb7f919b87eb84f87101e197535b9bd0e2c2b5b3179633324fee"},
    {file = "coverage-7.13.1-cp311-cp311-manylinux2014_aarch64.manylinux_2_17_aarch64.manylinux_2_28_aarch64.whl", hash = "sha256:ef6688db9bf91ba111ae734ba6ef1a063304a881749726e0d3575f5c10a9facf"},
    {file = "coverage-7.13.1-cp311-cp311-manylinux_2_31_riscv64.manylinux_2_39_riscv64.whl", hash = "sha256:0b609fc9cdbd1f02e51f67f51e5aee60a841ef58a68d00d5ee2c0faf357481a3"},
    {file = "coverage-7.13.1-cp311-cp311-musllinux_1_2_aarch64.whl", hash = "sha256:c43257717611ff5e9a1d79dce8e47566235ebda63328718d9b65dd640bc832ef"},
    {file = "coverage-7.13.1-cp311-cp311-musllinux_1_2_i686.whl", hash = "sha256:e09fbecc007f7b6afdfb3b07ce5bd9f8494b6856dd4f577d26c66c391b829851"},
    {file = "coverage-7.13.1-cp311-cp311-musllinux_1_2_riscv64.whl", hash = "sha256:a03a4f3a19a189919c7055098790285cc5c5b0b3976f8d227aea39dbf9f8bfdb"},
    {file = "coverage-7.13.1-cp311-cp311-musllinux_1_2_x86_64.whl", hash = "sha256:3820778ea1387c2b6a818caec01c63adc5b3750211af6447e8dcfb9b6f08dbba"},
    {file = "coverage-7.13.1-cp311-cp311-win32.whl", hash = "sha256:ff10896fa55167371960c5908150b434b71c876dfab97b69478f22c8b445ea19"},
    {file = "coverage-7.13.1-cp311-cp311-win_amd64.whl", hash = "sha256:a998cc0aeeea4c6d5622a3754da5a493055d2d95186bad877b0a34ea6e6dbe0a"},
    {file = "coverage-7.13.1-cp311-cp311-win_arm64.whl", hash = "sha256:fea07c1a39a22614acb762e3fbbb4011f65eedafcb2948feeef641ac78b4ee5c"},
    {file = "coverage-7.13.1-cp312-cp312-macosx_10_13_x86_64.whl", hash = "sha256:6f34591000f06e62085b1865c9bc5f7858df748834662a51edadfd2c3bfe0dd3"},
    {file = "coverage-7.13.1-cp312-cp312-macosx_11_0_arm64.whl", hash = "sha256:b67e47c5595b9224599016e333f5ec25392597a89d5744658f837d204e16c63e"},
    {file = "coverage-7.13.1-cp312-cp312-manylinux1_i686.manylinux_2_28_i686.manylinux_2_5_i686.whl", hash = "sha256:3e7b8bd70c48ffb28461ebe092c2345536fb18bbbf19d287c8913699735f505c"},
    {file = "coverage-7.13.1-cp312-cp312-manylinux1_x86_64.manylinux_2_28_x86_64.manylinux_2_5_x86_64.whl", hash = "sha256:c223d078112e90dc0e5c4e35b98b9584164bea9fbbd221c0b21c5241f6d51b62"},
    {file = "coverage-7.13.1-cp312-cp312-manylinux2014_aarch64.manylinux_2_17_aarch64.manylinux_2_28_aarch64.whl", hash = "sha256:794f7c05af0763b1bbd1b9e6eff0e52ad068be3b12cd96c87de037b01390c968"},
    {file = "coverage-7.13.1-cp312-cp312-manylinux_2_31_riscv64.manylinux_2_39_riscv64.whl", hash = "sha256:0642eae483cc8c2902e4af7298bf886d605e80f26382124cddc3967c2a3df09e"},
    {file = "coverage-7.13.1-cp312-cp312-musllinux_1_2_aarch64.whl", hash = "sha256:9f5e772ed5fef25b3de9f2008fe67b92d46831bd2bc5bdc5dd6bfd06b83b316f"},
    {file = "coverage-7.13.1-cp312-cp312-musllinux_1_2_i686.whl", hash = "sha256:45980ea19277dc0a579e432aef6a504fe098ef3a9032ead15e446eb0f1191aee"},
    {file = "coverage-7.13.1-cp312-cp312-musllinux_1_2_riscv64.whl", hash = "sha256:e4f18eca6028ffa62adbd185a8f1e1dd242f2e68164dba5c2b74a5204850b4cf"},
    {file = "coverage-7.13.1-cp312-cp312-musllinux_1_2_x86_64.whl", hash = "sha256:f8dca5590fec7a89ed6826fce625595279e586ead52e9e958d3237821fbc750c"},
    {file = "coverage-7.13.1-cp312-cp312-win32.whl", hash = "sha256:ff86d4e85188bba72cfb876df3e11fa243439882c55957184af44a35bd5880b7"},
    {file = "coverage-7.13.1-cp312-cp312-win_amd64.whl", hash = "sha256:16cc1da46c04fb0fb128b4dc430b78fa2aba8a6c0c9f8eb391fd5103409a6ac6"},
    {file = "coverage-7.13.1-cp312-cp312-win_arm64.whl", hash = "sha256:8d9bc218650022a768f3775dd7fdac1886437325d8d295d923ebcfef4892ad5c"},
    {file = "coverage-7.13.1-cp313-cp313-macosx_10_13_x86_64.whl", hash = "sha256:cb237bfd0ef4d5eb6a19e29f9e528ac67ac3be932ea6b44fb6cc09b9f3ecff78"},
    {file = "coverage-7.13.1-cp313-cp313-macosx_11_0_arm64.whl", hash = "sha256:1dcb645d7e34dcbcc96cd7c132b1fc55c39263ca62eb961c064eb3928997363b"},
    {file = "coverage-7.13.1-cp313-cp313-manylinux1_i686.manylinux_2_28_i686.manylinux_2_5_i686.whl", hash = "sha256:3d42df8201e00384736f0df9be2ced39324c3907607d17d50d50116c989d84cd"},
    {file = "coverage-7.13.1-cp313-cp313-manylinux1_x86_64.manylinux_2_28_x86_64.manylinux_2_5_x86_64.whl", hash = "sha256:fa3edde1aa8807de1d05934982416cb3ec46d1d4d91e280bcce7cca01c507992"},
    {file = "coverage-7.13.1-cp313-cp313-manylinux2014_aarch64.manylinux_2_17_aarch64.manylinux_2_28_aarch64.whl", hash = "sha256:9edd0e01a343766add6817bc448408858ba6b489039eaaa2018474e4001651a4"},
    {file = "coverage-7.13.1-cp313-cp313-manylinux_2_31_riscv64.manylinux_2_39_riscv64.whl", hash = "sha256:985b7836931d033570b94c94713c6dba5f9d3ff26045f72c3e5dbc5fe3361e5a"},
    {file = "coverage-7.13.1-cp313-cp313-musllinux_1_2_aarch64.whl", hash = "sha256:ffed1e4980889765c84a5d1a566159e363b71d6b6fbaf0bebc9d3c30bc016766"},
    {file = "coverage-7.13.1-cp313-cp313-musllinux_1_2_i686.whl", hash = "sha256:8842af7f175078456b8b17f1b73a0d16a65dcbdc653ecefeb00a56b3c8c298c4"},
    {file = "coverage-7.13.1-cp313-cp313-musllinux_1_2_riscv64.whl", hash = "sha256:ccd7a6fca48ca9c131d9b0a2972a581e28b13416fc313fb98b6d24a03ce9a398"},
    {file = "coverage-7.13.1-cp313-cp313-musllinux_1_2_x86_64.whl", hash = "sha256:0403f647055de2609be776965108447deb8e384fe4a553c119e3ff6bfbab4784"},
    {file = "coverage-7.13.1-cp313-cp313-win32.whl", hash = "sha256:549d195116a1ba1e1ae2f5ca143f9777800f6636eab917d4f02b5310d6d73461"},
    {file = "coverage-7.13.1-cp313-cp313-win_amd64.whl", hash = "sha256:5899d28b5276f536fcf840b18b61a9fce23cc3aec1d114c44c07fe94ebeaa500"},
    {file = "coverage-7.13.1-cp313-cp313-win_arm64.whl", hash = "sha256:868a2fae76dfb06e87291bcbd4dcbcc778a8500510b618d50496e520bd94d9b9"},
    {file = "coverage-7.13.1-cp313-cp313t-macosx_10_13_x86_64.whl", hash = "sha256:67170979de0dacac3f3097d02b0ad188d8edcea44ccc44aaa0550af49150c7dc"},
    {file = "coverage-7.13.1-cp313-cp313t-macosx_11_0_arm64.whl", hash = "sha256:f80e2bb21bfab56ed7405c2d79d34b5dc0bc96c2c1d2a067b643a09fb756c43a"},
    {file = "coverage-7.13.1-cp313-cp313t-manylinux1_i686.manylinux_2_28_i686.manylinux_2_5_i686.whl", hash = "sha256:f83351e0f7dcdb14d7326c3d8d8c4e915fa685cbfdc6281f9470d97a04e9dfe4"},
    {file = "coverage-7.13.1-cp313-cp313t-manylinux1_x86_64.manylinux_2_28_x86_64.manylinux_2_5_x86_64.whl", hash = "sha256:bb3f6562e89bad0110afbe64e485aac2462efdce6232cdec7862a095dc3412f6"},
    {file = "coverage-7.13.1-cp313-cp313t-manylinux2014_aarch64.manylinux_2_17_aarch64.manylinux_2_28_aarch64.whl", hash = "sha256:77545b5dcda13b70f872c3b5974ac64c21d05e65b1590b441c8560115dc3a0d1"},
    {file = "coverage-7.13.1-cp313-cp313t-manylinux_2_31_riscv64.manylinux_2_39_riscv64.whl", hash = "sha256:a4d240d260a1aed814790bbe1f10a5ff31ce6c21bc78f0da4a1e8268d6c80dbd"},
    {file = "coverage-7.13.1-cp313-cp313t-musllinux_1_2_aarch64.whl", hash = "sha256:d2287ac9360dec3837bfdad969963a5d073a09a85d898bd86bea82aa8876ef3c"},
    {file = "coverage-7.13.1-cp313-cp313t-musllinux_1_2_i686.whl", hash = "sha256:0d2c11f3ea4db66b5cbded23b20185c35066892c67d80ec4be4bab257b9ad1e0"},
    {file = "coverage-7.13.1-cp313-cp313t-musllinux_1_2_riscv64.whl", hash = "sha256:3fc6a169517ca0d7ca6846c3c5392ef2b9e38896f61d615cb75b9e7134d4ee1e"},
    {file = "coverage-7.13.1-cp313-cp313t-musllinux_1_2_x86_64.whl", hash = "sha256:d10a2ed46386e850bb3de503a54f9fe8192e5917fcbb143bfef653a9355e9a53"},
    {file = "coverage-7.13.1-cp313-cp313t-win32.whl", hash = "sha256:75a6f4aa904301dab8022397a22c0039edc1f51e90b83dbd4464b8a38dc87842"},
    {file = "coverage-7.13.1-cp313-cp313t-win_amd64.whl", hash = "sha256:309ef5706e95e62578cda256b97f5e097916a2c26247c287bbe74794e7150df2"},
    {file = "coverage-7.13.1-cp313-cp313t-win_arm64.whl", hash = "sha256:92f980729e79b5d16d221038dbf2e8f9a9136afa072f9d5d6ed4cb984b126a09"},
    {file = "coverage-7.13.1-cp314-cp314-macosx_10_15_x86_64.whl", hash = "sha256:97ab3647280d458a1f9adb85244e81587505a43c0c7cff851f5116cd2814b894"},
    {file = "coverage-7.13.1-cp314-cp314-macosx_11_0_arm64.whl", hash = "sha256:8f572d989142e0908e6acf57ad1b9b86989ff057c006d13b76c146ec6a20216a"},
    {file = "coverage-7.13.1-cp314-cp314-manylinux1_i686.manylinux_2_28_i686.manylinux_2_5_i686.whl", hash = "sha256:d72140ccf8a147e94274024ff6fd8fb7811354cf7ef88b1f0a988ebaa5bc774f"},
    {file = "coverage-7.13.1-cp314-cp314-manylinux1_x86_64.manylinux_2_28_x86_64.manylinux_2_5_x86_64.whl", hash = "sha256:d3c9f051b028810f5a87c88e5d6e9af3c0ff32ef62763bf15d29f740453ca909"},
    {file = "coverage-7.13.1-cp314-cp314-manylinux2014_aarch64.manylinux_2_17_aarch64.manylinux_2_28_aarch64.whl", hash = "sha256:f398ba4df52d30b1763f62eed9de5620dcde96e6f491f4c62686736b155aa6e4"},
    {file = "coverage-7.13.1-cp314-cp314-manylinux_2_31_riscv64.manylinux_2_39_riscv64.whl", hash = "sha256:132718176cc723026d201e347f800cd1a9e4b62ccd3f82476950834dad501c75"},
    {file = "coverage-7.13.1-cp314-cp314-musllinux_1_2_aarch64.whl", hash = "sha256:9e549d642426e3579b3f4b92d0431543b012dcb6e825c91619d4e93b7363c3f9"},
    {file = "coverage-7.13.1-cp314-cp314-musllinux_1_2_i686.whl", hash = "sha256:90480b2134999301eea795b3a9dbf606c6fbab1b489150c501da84a959442465"},
    {file = "coverage-7.13.1-cp314-cp314-musllinux_1_2_riscv64.whl", hash = "sha256:e825dbb7f84dfa24663dd75835e7257f8882629fc11f03ecf77d84a75134b864"},
    {file = "coverage-7.13.1-cp314-cp314-musllinux_1_2_x86_64.whl", hash = "sha256:623dcc6d7a7ba450bbdbeedbaa0c42b329bdae16491af2282f12a7e809be7eb9"},
    {file = "coverage-7.13.1-cp314-cp314-win32.whl", hash = "sha256:6e73ebb44dca5f708dc871fe0b90cf4cff1a13f9956f747cc87b535a840386f5"},
    {file = "coverage-7.13.1-cp314-cp314-win_amd64.whl", hash = "sha256:be753b225d159feb397bd0bf91ae86f689bad0da09d3b301478cd39b878ab31a"},
    {file = "coverage-7.13.1-cp314-cp314-win_arm64.whl", hash = "sha256:228b90f613b25ba0019361e4ab81520b343b622fc657daf7e501c4ed6a2366c0"},
    {file = "coverage-7.13.1-cp314-cp314t-macosx_10_15_x86_64.whl", hash = "sha256:60cfb538fe9ef86e5b2ab0ca8fc8d62524777f6c611dcaf76dc16fbe9b8e698a"},
    {file = "coverage-7.13.1-cp314-cp314t-macosx_11_0_arm64.whl", hash = "sha256:57dfc8048c72ba48a8c45e188d811e5efd7e49b387effc8fb17e97936dde5bf6"},
    {file = "coverage-7.13.1-cp314-cp314t-manylinux1_i686.manylinux_2_28_i686.manylinux_2_5_i686.whl", hash = "sha256:3f2f725aa3e909b3c5fdb8192490bdd8e1495e85906af74fe6e34a2a77ba0673"},
    {file = "coverage-7.13.1-cp314-cp314t-manylinux1_x86_64.manylinux_2_28_x86_64.manylinux_2_5_x86_64.whl", hash = "sha256:9ee68b21909686eeb21dfcba2c3b81fee70dcf38b140dcd5aa70680995fa3aa5"},
    {file = "coverage-7.13.1-cp314-cp314t-manylinux2014_aarch64.manylinux_2_17_aarch64.manylinux_2_28_aarch64.whl", hash = "sha256:724b1b270cb13ea2e6503476e34541a0b1f62280bc997eab443f87790202033d"},
    {file = "coverage-7.13.1-cp314-cp314t-manylinux_2_31_riscv64.manylinux_2_39_riscv64.whl", hash = "sha256:916abf1ac5cf7eb16bc540a5bf75c71c43a676f5c52fcb9fe75a2bd75fb944e8"},
    {file = "coverage-7.13.1-cp314-cp314t-musllinux_1_2_aarch64.whl", hash = "sha256:776483fd35b58d8afe3acbd9988d5de592ab6da2d2a865edfdbc9fdb43e7c486"},
    {file = "coverage-7.13.1-cp314-cp314t-musllinux_1_2_i686.whl", hash = "sha256:b6f3b96617e9852703f5b633ea01315ca45c77e879584f283c44127f0f1ec564"},
    {file = "coverage-7.13.1-cp314-cp314t-musllinux_1_2_riscv64.whl", hash = "sha256:bd63e7b74661fed317212fab774e2a648bc4bb09b35f25474f8e3325d2945cd7"},
    {file = "coverage-7.13.1-cp314-cp314t-musllinux_1_2_x86_64.whl", hash = "sha256:933082f161bbb3e9f90d00990dc956120f608cdbcaeea15c4d897f56ef4fe416"},
    {file = "coverage-7.13.1-cp314-cp314t-win32.whl", hash = "sha256:18be793c4c87de2965e1c0f060f03d9e5aff66cfeae8e1dbe6e5b88056ec153f"},
    {file = "coverage-7.13.1-cp314-cp314t-win_amd64.whl", hash = "sha256:0e42e0ec0cd3e0d851cb3c91f770c9301f48647cb2877cb78f74bdaa07639a79"},
    {file = "coverage-7.13.1-cp314-cp314t-win_arm64.whl", hash = "sha256:eaecf47ef10c72ece9a2a92118257da87e460e113b83cc0d2905cbbe931792b4"},
    {file = "coverage-7.13.1-py3-none-any.whl", hash = "sha256:2016745cb3ba554469d02819d78958b571792bb68e31302610e898f80dd3a573"},
    {file = "coverage-7.13.1.tar.gz", hash = "sha256:b7593fe7eb5feaa3fbb461ac79aac9f9fc0387a5ca8080b0c6fe2ca27b091afd"},
]

[package.extras]
toml = ["tomli ; python_full_version <= \"3.11.0a6\""]

[[package]]
name = "iniconfig"
version = "2.3.0"
description = "brain-dead simple config-ini parsing"
optional = false
python-versions = ">=3.10"
groups = ["main", "dev"]
files = [
    {file = "iniconfig-2.3.0-py3-none-any.whl", hash = "sha256:f631c04d2c48c52b84d0d0549c99ff3859c98df65b3101406327ecc7d53fbf12"},
    {file = "iniconfig-2.3.0.tar.gz", hash = "sha256:c76315c77db068650d49c5b56314774a7804df16fee4402c1f19d6d15d8c4730"},
]

[[package]]
name = "markdown-it-py"
version = "4.0.0"
description = "Python port of markdown-it. Markdown parsing, done right!"
optional = false
python-versions = ">=3.10"
groups = ["main"]
files = [
    {file = "markdown_it_py-4.0.0-py3-none-any.whl", hash = "sha256:87327c59b172c5011896038353a81343b6754500a08cd7a4973bb48c6d578147"},
    {file = "markdown_it_py-4.0.0.tar.gz", hash = "sha256:cb0a2b4aa34f932c007117b194e945bd74e0ec24133ceb5bac59009cda1cb9f3"},
]

[package.dependencies]
mdurl = ">=0.1,<1.0"

[package.extras]
benchmarking = ["psutil", "pytest", "pytest-benchmark"]
compare = ["commonmark (>=0.9,<1.0)", "markdown (>=3.4,<4.0)", "markdown-it-pyrs", "mistletoe (>=1.0,<2.0)", "mistune (>=3.0,<4.0)", "panflute (>=2.3,<3.0)"]
linkify = ["linkify-it-py (>=1,<3)"]
plugins = ["mdit-py-plugins (>=0.5.0)"]
profiling = ["gprof2dot"]
rtd = ["ipykernel", "jupyter_sphinx", "mdit-py-plugins (>=0.5.0)", "myst-parser", "pyyaml", "sphinx", "sphinx-book-theme (>=1.0,<2.0)", "sphinx-copybutton", "sphinx-design"]
testing = ["coverage", "pytest", "pytest-cov", "pytest-regressions", "requests"]

[[package]]
name = "mdurl"
version = "0.1.2"
description = "Markdown URL utilities"
optional = false
python-versions = ">=3.7"
groups = ["main"]
files = [
    {file = "mdurl-0.1.2-py3-none-any.whl", hash = "sha256:84008a41e51615a49fc9966191ff91509e3c40b939176e643fd50a5c2196b8f8"},
    {file = "mdurl-0.1.2.tar.gz", hash = "sha256:bb413d29f5eea38f31dd4754dd7377d4465116fb207585f97bf925588687c1ba"},
]

[[package]]
name = "nodeenv"
version = "1.10.0"
description = "Node.js virtual environment builder"
optional = false
python-versions = "!=3.0.*,!=3.1.*,!=3.2.*,!=3.3.*,!=3.4.*,!=3.5.*,!=3.6.*,>=2.7"
groups = ["main", "dev"]
files = [
    {file = "nodeenv-1.10.0-py2.py3-none-any.whl", hash = "sha256:5bb13e3eed2923615535339b3c620e76779af4cb4c6a90deccc9e36b274d3827"},
    {file = "nodeenv-1.10.0.tar.gz", hash = "sha256:996c191ad80897d076bdfba80a41994c2b47c68e224c542b48feba42ba00f8bb"},
]

[[package]]
name = "packaging"
version = "25.0"
description = "Core utilities for Python packages"
optional = false
python-versions = ">=3.8"
groups = ["main", "dev"]
files = [
    {file = "packaging-25.0-py3-none-any.whl", hash = "sha256:29572ef2b1f17581046b3a2227d5c611fb25ec70ca1ba8554b24b0e69331a484"},
    {file = "packaging-25.0.tar.gz", hash = "sha256:d443872c98d677bf60f6a1f2f8c1cb748e8fe762d2bf9d3148b5599295b0fc4f"},
]

[[package]]
name = "pluggy"
version = "1.6.0"
description = "plugin and hook calling mechanisms for python"
optional = false
python-versions = ">=3.9"
groups = ["main", "dev"]
files = [
    {file = "pluggy-1.6.0-py3-none-any.whl", hash = "sha256:e920276dd6813095e9377c0bc5566d94c932c33b27a3e3945d8389c374dd4746"},
    {file = "pluggy-1.6.0.tar.gz", hash = "sha256:7dcc130b76258d33b90f61b658791dede3486c3e6bfb003ee5c9bfb396dd22f3"},
]

[package.extras]
dev = ["pre-commit", "tox"]
testing = ["coverage", "pytest", "pytest-benchmark"]

[[package]]
name = "pycapnp"
version = "2.2.1"
description = "A cython wrapping of the C++ Cap'n Proto library"
optional = false
python-versions = ">=3.8"
groups = ["main"]
files = [
    {file = "pycapnp-2.2.1-cp310-cp310-macosx_10_9_x86_64.whl", hash = "sha256:602b7d73a307443543e1eb6128c374e946a59f1d9df995ae721816b7f58cc275"},
    {file = "pycapnp-2.2.1-cp310-cp310-macosx_11_0_arm64.whl", hash = "sha256:7775d5688eb7a657a681c9e60ef7f42706cbb5521c93a6c1f583931264ca451e"},
    {file = "pycapnp-2.2.1-cp310-cp310-manylinux_2_28_aarch64.whl", hash = "sha256:8605bc739c2858ee64c353a8247add43701a32e3e29cb7cad83a1be07058e950"},
    {file = "pycapnp-2.2.1-cp310-cp310-manylinux_2_28_i686.whl", hash = "sha256:e3cf9a7abc3a088a69746428583b999b4eb0c8b09bf59e60644eca9585b37b05"},
    {file = "pycapnp-2.2.1-cp310-cp310-manylinux_2_28_ppc64le.whl", hash = "sha256:1555e95ab348420473806c6091dec6f4e022da2a5b033c6e221f077059037120"},
    {file = "pycapnp-2.2.1-cp310-cp310-manylinux_2_28_s390x.whl", hash = "sha256:62e3321671a6eb811b9d684bb2a921c937fa5d2178656702af16ba676d1d040e"},
    {file = "pycapnp-2.2.1-cp310-cp310-manylinux_2_28_x86_64.whl", hash = "sha256:69ace4bd45a0710539928e4f5052efc292259441bb0074ccf16363097192573b"},
    {file = "pycapnp-2.2.1-cp310-cp310-musllinux_1_2_aarch64.whl", hash = "sha256:c3835dfb9631c04d2efd2aa53ba452c4302050eea779800cf581ed7d4844d38a"},
    {file = "pycapnp-2.2.1-cp310-cp310-musllinux_1_2_i686.whl", hash = "sha256:91de90ee18262414703b55abf3145b9c84570c63c90866def88af34a130cd3b2"},
    {file = "pycapnp-2.2.1-cp310-cp310-musllinux_1_2_ppc64le.whl", hash = "sha256:d09497bb1e727dbda79b703a3191d61bbf874ec75916efd2cd5945a0a7d06581"},
    {file = "pycapnp-2.2.1-cp310-cp310-musllinux_1_2_s390x.whl", hash = "sha256:0c187cfe4978f37c50f5b22bd61aca96c57719ba4cb138e80c43864b7e91b104"},
    {file = "pycapnp-2.2.1-cp310-cp310-musllinux_1_2_x86_64.whl", hash = "sha256:413e048096751eff8569533a31ef6ba8b008f5d27064ce240c4e0a5ea8380b5b"},
    {file = "pycapnp-2.2.1-cp310-cp310-win32.whl", hash = "sha256:f9ffe17fcd9caf94b0eeefdbbd325e244df970261de3c18ab4b3d83e43c9ee9a"},
    {file = "pycapnp-2.2.1-cp310-cp310-win_amd64.whl", hash = "sha256:e9b4d45d7b2968f27a5cda5eda30a0091feff38714de6dfe22911012bcba0827"},
    {file = "pycapnp-2.2.1-cp311-cp311-macosx_10_9_x86_64.whl", hash = "sha256:418ad80c3f4bdc6ec0ce3b38e278e64c4f843a1910a0772ff45bd83e35a7cf18"},
    {file = "pycapnp-2.2.1-cp311-cp311-macosx_11_0_arm64.whl", hash = "sha256:3242d2e0e2b89a10cf253d9a9d138c411ce2f60b3799ef8d9344c5b314cbfa33"},
    {file = "pycapnp-2.2.1-cp311-cp311-manylinux_2_28_aarch64.whl", hash = "sha256:e3b6e9b538b4a440c027af65e846ad5c7989cd831fcf983eb16d17fae79fdca3"},
    {file = "pycapnp-2.2.1-cp311-cp311-manylinux_2_28_i686.whl", hash = "sha256:6d1e03d1ee94e5b268896d5643efb58925d80fb6a368e4739a39f100838be6b5"},
    {file = "pycapnp-2.2.1-cp311-cp311-manylinux_2_28_ppc64le.whl", hash = "sha256:4813d25d23ec7a967352dbfce76d893ae5c4d5a9993f51ca8c01f48847f4b1d9"},
    {file = "pycapnp-2.2.1-cp311-cp311-manylinux_2_28_s390x.whl", hash = "sha256:41b31b9dafcb192a8aed6387288732d642bfaf53ef11ce9edc815e72c6402846"},
    {file = "pycapnp-2.2.1-cp311-cp311-manylinux_2_28_x86_64.whl", hash = "sha256:d682ae9f23a0c6568533ca2ebf6d70ac7e599dd222f671fa87dff278de343eec"},
    {file = "pycapnp-2.2.1-cp311-cp311-musllinux_1_2_aarch64.whl", hash = "sha256:5331b916bafdb84337a2c1a5d90170863486d6254b8852444b94bd0315e6e6b4"},
    {file = "pycapnp-2.2.1-cp311-cp311-musllinux_1_2_i686.whl", hash = "sha256:eec84369e4c1d163414db7f696c06887848f593a4df5ed7de3641b0179eb3922"},
    {file = "pycapnp-2.2.1-cp311-cp311-musllinux_1_2_ppc64le.whl", hash = "sha256:b83a96251002fc236d7bda12b6eb6136a13dbca4206774834ac424c66bbdc9f2"},
    {file = "pycapnp-2.2.1-cp311-cp311-musllinux_1_2_s390x.whl", hash = "sha256:919926821d7700c3e0c72a51169edbdd9a0991769733ff23cd732e6698bf99e2"},
    {file = "pycapnp-2.2.1-cp311-cp311-musllinux_1_2_x86_64.whl", hash = "sha256:9b23e828a3d1e4e00b104af9ffe7da88a8ab33d343e454288bd0d8d7c5199b25"},
    {file = "pycapnp-2.2.1-cp311-cp311-win32.whl", hash = "sha256:66196fe4c34d8493db504349d53f01b93f5a8771739a8f0bbf20ba363048e5b6"},
    {file = "pycapnp-2.2.1-cp311-cp311-win_amd64.whl", hash = "sha256:9d4fbcdfb7e1b34cdfc20d9a7eb79a3b6e9e701a69a06c99545a9b29aa7588cb"},
    {file = "pycapnp-2.2.1-cp312-cp312-macosx_10_13_x86_64.whl", hash = "sha256:e22c74af06586abd8d8453a91bc7610e469771907246346822faa742fa72c0ca"},
    {file = "pycapnp-2.2.1-cp312-cp312-macosx_11_0_arm64.whl", hash = "sha256:c7dc00457ef03e4b1587d63f63e87a5fffc9c3268fb2cbe7ad9d460813ac6c14"},
    {file = "pycapnp-2.2.1-cp312-cp312-manylinux_2_28_aarch64.whl", hash = "sha256:c41e93efec53f5adc18f72dd4f2f4790c4f28d907155c5a8975fdc073a752edb"},
    {file = "pycapnp-2.2.1-cp312-cp312-manylinux_2_28_i686.whl", hash = "sha256:e6d09f51caaf4b9184b1a8c1bcb756b8774e3891febd9e8bafb9736eb7cc6abf"},
    {file = "pycapnp-2.2.1-cp312-cp312-manylinux_2_28_ppc64le.whl", hash = "sha256:40548abb12ce7441945d6d5c2da3c72e789eaf5e8eddc374d0450191a8f55c98"},
    {file = "pycapnp-2.2.1-cp312-cp312-manylinux_2_28_s390x.whl", hash = "sha256:95046f1069237fcc07c72b1a4604916e338ea54c8fe411bdd7cc09f1ded9aed4"},
    {file = "pycapnp-2.2.1-cp312-cp312-manylinux_2_28_x86_64.whl", hash = "sha256:66714dbca707a4cdd5e60f97cd0f3d2c88ad3c56b05a42b6887397ccdc0ee5b1"},
    {file = "pycapnp-2.2.1-cp312-cp312-musllinux_1_2_aarch64.whl", hash = "sha256:cea2543ad9edc15d22f4449074d7d729a10521c164a5a3c33cfbd37bc083606a"},
    {file = "pycapnp-2.2.1-cp312-cp312-musllinux_1_2_i686.whl", hash = "sha256:16dae94463d129969f48711be5f234719c98992a27652e20da0376266f790603"},
    {file = "pycapnp-2.2.1-cp312-cp312-musllinux_1_2_ppc64le.whl", hash = "sha256:ec778ae022e5330f38cbd2b28f8f77c3687ea65432c3d0d1c51272976d49c904"},
    {file = "pycapnp-2.2.1-cp312-cp312-musllinux_1_2_s390x.whl", hash = "sha256:eb4d87aad63ce63fd84a205af691098459cc1b40ffabe9c4cba5ab49c6b3ad47"},
    {file = "pycapnp-2.2.1-cp312-cp312-musllinux_1_2_x86_64.whl", hash = "sha256:9340463c40d83c9fcc45d8706692b04f604dcd729a6b8d802700dd2a0a425281"},
    {file = "pycapnp-2.2.1-cp312-cp312-win32.whl", hash = "sha256:52b2f233833ababf38b43195ddbbe3d8d58a11216c5ba3effc3ebd7c4727c582"},
    {file = "pycapnp-2.2.1-cp312-cp312-win_amd64.whl", hash = "sha256:25958963c28c77144f9f060faeb87f0f796060176cad938309ec8dccd39faec8"},
    {file = "pycapnp-2.2.1-cp313-cp313-macosx_10_13_x86_64.whl", hash = "sha256:fe58a968698ece0c9949358567dc39e57ff66c5229da10bcc6adacb9715a0f1d"},
    {file = "pycapnp-2.2.1-cp313-cp313-macosx_11_0_arm64.whl", hash = "sha256:1e4486deeda8b30235678308f1da35d15468e64f1d949814002fb11a19c9a9be"},
    {file = "pycapnp-2.2.1-cp313-cp313-manylinux_2_28_aarch64.whl", hash = "sha256:ed484e361b3c0a0f56cd955b4af5c84b8e184e14e356f4177cf7cfa9dddf49cb"},
    {file = "pycapnp-2.2.1-cp313-cp313-manylinux_2_28_i686.whl", hash = "sha256:5935f17c16e6117ba56fe7fa7388be0204765b82e74d0f630a34d8f2f832f0d0"},
    {file = "pycapnp-2.2.1-cp313-cp313-manylinux_2_28_ppc64le.whl", hash = "sha256:402368bfe9fb3924c9a4ff3c1778ba68defb6b67bbe579537a7129924c12b188"},
    {file = "pycapnp-2.2.1-cp313-cp313-manylinux_2_28_s390x.whl", hash = "sha256:4b2b7e1d42fefe61f538d93680b60f9883a7dfb8fad2e10d69c08bc9f20bd0d4"},
    {file = "pycapnp-2.2.1-cp313-cp313-manylinux_2_28_x86_64.whl", hash = "sha256:04b608e3303edc6d5ea1d8a4589bd957c5cb002019f2a21df98fd8b2f4158d66"},
    {file = "pycapnp-2.2.1-cp313-cp313-musllinux_1_2_aarch64.whl", hash = "sha256:084eb029ae265982c62018dc6a227557c4ef812cee87ae813fce46b8612a6a2f"},
    {file = "pycapnp-2.2.1-cp313-cp313-musllinux_1_2_i686.whl", hash = "sha256:06aca5c484cf5575b2ba531216945b6c9495099812feb6ef49d09ae0dff32719"},
    {file = "pycapnp-2.2.1-cp313-cp313-musllinux_1_2_ppc64le.whl", hash = "sha256:560c275e1b45e7bfe264a6a32aa37ce96c996b5b7864ceba98718d4200158b63"},
    {file = "pycapnp-2.2.1-cp313-cp313-musllinux_1_2_s390x.whl", hash = "sha256:50b68f57211245bd8f6f908720a096227450342f91e5a6f99bb3dfd9a2bf2207"},
    {file = "pycapnp-2.2.1-cp313-cp313-musllinux_1_2_x86_64.whl", hash = "sha256:02423e40d854336e73dd438b7454ec148139324ff25b04f0c9ca4a229938103c"},
    {file = "pycapnp-2.2.1-cp313-cp313-win32.whl", hash = "sha256:37441f85a2bb7246d406e4cf319fc7bf059403a7527c24c1e1315ab82b785ab5"},
    {file = "pycapnp-2.2.1-cp313-cp313-win_amd64.whl", hash = "sha256:6f859fefdfddb543cb76995d298ea6e2c6439df80fd2a0e5e0a6734ec65c8c7c"},
    {file = "pycapnp-2.2.1-cp38-cp38-macosx_10_9_x86_64.whl", hash = "sha256:70ff280d41a8e5b557f10a55aa94a97493843f6deb02afca859137408cb2e2dc"},
    {file = "pycapnp-2.2.1-cp38-cp38-macosx_11_0_arm64.whl", hash = "sha256:a4fd41badfbc7c615a7986c01ddef4d87885e52fb7d38b7dbc37cc7dc1a5ebf5"},
    {file = "pycapnp-2.2.1-cp38-cp38-manylinux_2_28_aarch64.whl", hash = "sha256:ad8ffe2e7d364f15695e652f1ab1f04553a8f0239fa35933c949e0fbc0f9717e"},
    {file = "pycapnp-2.2.1-cp38-cp38-manylinux_2_28_i686.whl", hash = "sha256:ef5795a88425d1740850e59b01913838f81db5963aa7ea081b47f5b29eedecbd"},
    {file = "pycapnp-2.2.1-cp38-cp38-manylinux_2_28_ppc64le.whl", hash = "sha256:4e329701f7f903284f10b81a7ff1dfea1437be2421375db6e8fa7240718cba03"},
    {file = "pycapnp-2.2.1-cp38-cp38-manylinux_2_28_s390x.whl", hash = "sha256:5fe31f851c3000952b0e92412d0cc362f90ababa6cf759385300b3a992f96ac4"},
    {file = "pycapnp-2.2.1-cp38-cp38-manylinux_2_28_x86_64.whl", hash = "sha256:0783924a4a31f0ee029b585bca2b2367a8b8542ea8ffeac2995937462d41e115"},
    {file = "pycapnp-2.2.1-cp38-cp38-musllinux_1_2_aarch64.whl", hash = "sha256:deb5ac98bba5bc7c9fd231c78fdcf471998c27b0bde5252c99c73780e742abeb"},
    {file = "pycapnp-2.2.1-cp38-cp38-musllinux_1_2_i686.whl", hash = "sha256:2acd993f5e233a25c20e599e03d34244106442495ef81f1616a908db3d9c98eb"},
    {file = "pycapnp-2.2.1-cp38-cp38-musllinux_1_2_ppc64le.whl", hash = "sha256:7fd30a3f38189f32fc9cd3688b4805118f7055b9e5cec1c20771c47ff0fd46d9"},
    {file = "pycapnp-2.2.1-cp38-cp38-musllinux_1_2_s390x.whl", hash = "sha256:db260d2420d3b935b785d82d14b4b522266a28aaf8cf84266971b1aebd324f96"},
    {file = "pycapnp-2.2.1-cp38-cp38-musllinux_1_2_x86_64.whl", hash = "sha256:29b2ff0fe7a10fa16ccfa0c4a51efc1aa30e86b9769d286f87ddcc75ea85e796"},
    {file = "pycapnp-2.2.1-cp38-cp38-win32.whl", hash = "sha256:03386f32e829ba12a3643fed21d246ed49a9c49a00184b921e3c7bdf6db2b1c4"},
    {file = "pycapnp-2.2.1-cp38-cp38-win_amd64.whl", hash = "sha256:171a179ffefaf9b453fba5afac80f33187ff58dea3be6ebc8fd0d1e2e66d562b"},
    {file = "pycapnp-2.2.1-cp39-cp39-macosx_10_9_x86_64.whl", hash = "sha256:a9aa9c8dfaca8de36f42a9b57fec0d2174a6e6381ceed520311c5167e697a3b2"},
    {file = "pycapnp-2.2.1-cp39-cp39-macosx_11_0_arm64.whl", hash = "sha256:ed57bfd132247d50dcad107319dde0cfaacc5dd3bd1d5872b4dbf565fe9e46ff"},
    {file = "pycapnp-2.2.1-cp39-cp39-manylinux_2_28_aarch64.whl", hash = "sha256:f9fdc2d13b03630904bd29d4ad219ea40401d569ef8f0bd983438aa1fe2e6936"},
    {file = "pycapnp-2.2.1-cp39-cp39-manylinux_2_28_i686.whl", hash = "sha256:c5ca63dd3152894a5e6c1724e443e5f597eec06be70a2f80c263ca32056fe931"},
    {file = "pycapnp-2.2.1-cp39-cp39-manylinux_2_28_ppc64le.whl", hash = "sha256:6ae690e87b8ad97d2bc149c4683bebb0ce726bdd2322f9b6f9d71a3d3e065151"},
    {file = "pycapnp-2.2.1-cp39-cp39-manylinux_2_28_s390x.whl", hash = "sha256:ac47de6701ebf8ce229d8f41137ecb208210a2a6b230ef7fe98c404da29e4ea5"},
    {file = "pycapnp-2.2.1-cp39-cp39-manylinux_2_28_x86_64.whl", hash = "sha256:ad0b06d0d77fd564edb938987b9585c4e53050f879d08cbcd472e4556bb45c14"},
    {file = "pycapnp-2.2.1-cp39-cp39-musllinux_1_2_aarch64.whl", hash = "sha256:2a64ab3a1a673d053b3c8ac6e0d09c8c5ff2fa67e67464dcd9b2dd9d781b77a9"},
    {file = "pycapnp-2.2.1-cp39-cp39-musllinux_1_2_i686.whl", hash = "sha256:22cf1a882e72a2625bda4ab2c84c2f134867fc5895a62ad086fae6574678479e"},
    {file = "pycapnp-2.2.1-cp39-cp39-musllinux_1_2_ppc64le.whl", hash = "sha256:7e6fbb0050d64fb0305cf962194d0ba17e087d34d0ea00a39a5394a82cfdf029"},
    {file = "pycapnp-2.2.1-cp39-cp39-musllinux_1_2_s390x.whl", hash = "sha256:0f81e59ecde10fffb8b5b671b5cc85ca14595c9e2880a590b9463ac0ec76baae"},
    {file = "pycapnp-2.2.1-cp39-cp39-musllinux_1_2_x86_64.whl", hash = "sha256:babe77da5b69beb0af0e5e7525f8bf48d6df4c801772aff86e8c62f43d12e195"},
    {file = "pycapnp-2.2.1-cp39-cp39-win32.whl", hash = "sha256:b2c862acc98fa9e69fb4480f01d34098420dbf1b991fcaba688aa5bdaaa12d5e"},
    {file = "pycapnp-2.2.1-cp39-cp39-win_amd64.whl", hash = "sha256:5ce1484837846cd1dd5bda5090e658bf056c0729524395e4c29b2f84514cabf2"},
    {file = "pycapnp-2.2.1.tar.gz", hash = "sha256:a76432667bfb1e56b69fcc5bca4be7c72e1ac0f6ab57583857dc5d5293045451"},
]

[[package]]
name = "pygments"
version = "2.19.2"
description = "Pygments is a syntax highlighting package written in Python."
optional = false
python-versions = ">=3.8"
groups = ["main", "dev"]
files = [
    {file = "pygments-2.19.2-py3-none-any.whl", hash = "sha256:86540386c03d588bb81d44bc3928634ff26449851e99741617ecb9037ee5ec0b"},
    {file = "pygments-2.19.2.tar.gz", hash = "sha256:636cb2477cec7f8952536970bc533bc43743542f70392ae026374600add5b887"},
]

[package.extras]
windows-terminal = ["colorama (>=0.4.6)"]

[[package]]
name = "pyright"
version = "1.1.408"
description = "Command line wrapper for pyright"
optional = false
python-versions = ">=3.7"
groups = ["main", "dev"]
files = [
    {file = "pyright-1.1.408-py3-none-any.whl", hash = "sha256:090b32865f4fdb1e0e6cd82bf5618480d48eecd2eb2e70f960982a3d9a4c17c1"},
    {file = "pyright-1.1.408.tar.gz", hash = "sha256:f28f2321f96852fa50b5829ea492f6adb0e6954568d1caa3f3af3a5f555eb684"},
]

[package.dependencies]
nodeenv = ">=1.6.0"
typing-extensions = ">=4.1"

[package.extras]
all = ["nodejs-wheel-binaries", "twine (>=3.4.1)"]
dev = ["twine (>=3.4.1)"]
nodejs = ["nodejs-wheel-binaries"]

[[package]]
name = "pytest"
version = "9.0.2"
description = "pytest: simple powerful testing with Python"
optional = false
python-versions = ">=3.10"
groups = ["main", "dev"]
files = [
    {file = "pytest-9.0.2-py3-none-any.whl", hash = "sha256:711ffd45bf766d5264d487b917733b453d917afd2b0ad65223959f59089f875b"},
    {file = "pytest-9.0.2.tar.gz", hash = "sha256:75186651a92bd89611d1d9fc20f0b4345fd827c41ccd5c299a868a05d70edf11"},
]

[package.dependencies]
colorama = {version = ">=0.4", markers = "sys_platform == \"win32\""}
iniconfig = ">=1.0.1"
packaging = ">=22"
pluggy = ">=1.5,<2"
pygments = ">=2.7.2"

[package.extras]
dev = ["argcomplete", "attrs (>=19.2)", "hypothesis (>=3.56)", "mock", "requests", "setuptools", "xmlschema"]

[[package]]
name = "pytest-cov"
version = "7.0.0"
description = "Pytest plugin for measuring coverage."
optional = false
python-versions = ">=3.9"
groups = ["main", "dev"]
files = [
    {file = "pytest_cov-7.0.0-py3-none-any.whl", hash = "sha256:3b8e9558b16cc1479da72058bdecf8073661c7f57f7d3c5f22a1c23507f2d861"},
    {file = "pytest_cov-7.0.0.tar.gz", hash = "sha256:33c97eda2e049a0c5298e91f519302a1334c26ac65c1a483d6206fd458361af1"},
]

[package.dependencies]
coverage = {version = ">=7.10.6", extras = ["toml"]}
pluggy = ">=1.2"
pytest = ">=7"

[package.extras]
testing = ["process-tests", "pytest-xdist", "virtualenv"]

[[package]]
name = "rich"
version = "14.2.0"
description = "Render rich text, tables, progress bars, syntax highlighting, markdown and more to the terminal"
optional = false
python-versions = ">=3.8.0"
groups = ["main"]
files = [
    {file = "rich-14.2.0-py3-none-any.whl", hash = "sha256:76bc51fe2e57d2b1be1f96c524b890b816e334ab4c1e45888799bfaab0021edd"},
    {file = "rich-14.2.0.tar.gz", hash = "sha256:73ff50c7c0c1c77c8243079283f4edb376f0f6442433aecb8ce7e6d0b92d1fe4"},
]

[package.dependencies]
markdown-it-py = ">=2.2.0"
pygments = ">=2.13.0,<3.0.0"

[package.extras]
jupyter = ["ipywidgets (>=7.5.1,<9)"]

[[package]]
name = "ruff"
version = "0.14.13"
description = "An extremely fast Python linter and code formatter, written in Rust."
optional = false
python-versions = ">=3.7"
groups = ["main", "dev"]
files = [
    {file = "ruff-0.14.13-py3-none-linux_armv6l.whl", hash = "sha256:76f62c62cd37c276cb03a275b198c7c15bd1d60c989f944db08a8c1c2dbec18b"},
    {file = "ruff-0.14.13-py3-none-macosx_10_12_x86_64.whl", hash = "sha256:914a8023ece0528d5cc33f5a684f5f38199bbb566a04815c2c211d8f40b5d0ed"},
    {file = "ruff-0.14.13-py3-none-macosx_11_0_arm64.whl", hash = "sha256:d24899478c35ebfa730597a4a775d430ad0d5631b8647a3ab368c29b7e7bd063"},
    {file = "ruff-0.14.13-py3-none-manylinux_2_17_aarch64.manylinux2014_aarch64.whl", hash = "sha256:9aaf3870f14d925bbaf18b8a2347ee0ae7d95a2e490e4d4aea6813ed15ebc80e"},
    {file = "ruff-0.14.13-py3-none-manylinux_2_17_armv7l.manylinux2014_armv7l.whl", hash = "sha256:ac5b7f63dd3b27cc811850f5ffd8fff845b00ad70e60b043aabf8d6ecc304e09"},
    {file = "ruff-0.14.13-py3-none-manylinux_2_17_i686.manylinux2014_i686.whl", hash = "sha256:78d2b1097750d90ba82ce4ba676e85230a0ed694178ca5e61aa9b459970b3eb9"},
    {file = "ruff-0.14.13-py3-none-manylinux_2_17_ppc64.manylinux2014_ppc64.whl", hash = "sha256:7d0bf87705acbbcb8d4c24b2d77fbb73d40210a95c3903b443cd9e30824a5032"},
    {file = "ruff-0.14.13-py3-none-manylinux_2_17_ppc64le.manylinux2014_ppc64le.whl", hash = "sha256:a3eb5da8e2c9e9f13431032fdcbe7681de9ceda5835efee3269417c13f1fed5c"},
    {file = "ruff-0.14.13-py3-none-manylinux_2_17_s390x.manylinux2014_s390x.whl", hash = "sha256:642442b42957093811cd8d2140dfadd19c7417030a7a68cf8d51fcdd5f217427"},
    {file = "ruff-0.14.13-py3-none-manylinux_2_17_x86_64.manylinux2014_x86_64.whl", hash = "sha256:4acdf009f32b46f6e8864af19cbf6841eaaed8638e65c8dac845aea0d703c841"},
    {file = "ruff-0.14.13-py3-none-manylinux_2_31_riscv64.whl", hash = "sha256:591a7f68860ea4e003917d19b5c4f5ac39ff558f162dc753a2c5de897fd5502c"},
    {file = "ruff-0.14.13-py3-none-musllinux_1_2_aarch64.whl", hash = "sha256:774c77e841cc6e046fc3e91623ce0903d1cd07e3a36b1a9fe79b81dab3de506b"},
    {file = "ruff-0.14.13-py3-none-musllinux_1_2_armv7l.whl", hash = "sha256:61f4e40077a1248436772bb6512db5fc4457fe4c49e7a94ea7c5088655dd21ae"},
    {file = "ruff-0.14.13-py3-none-musllinux_1_2_i686.whl", hash = "sha256:6d02f1428357fae9e98ac7aa94b7e966fd24151088510d32cf6f902d6c09235e"},
    {file = "ruff-0.14.13-py3-none-musllinux_1_2_x86_64.whl", hash = "sha256:e399341472ce15237be0c0ae5fbceca4b04cd9bebab1a2b2c979e015455d8f0c"},
    {file = "ruff-0.14.13-py3-none-win32.whl", hash = "sha256:ef720f529aec113968b45dfdb838ac8934e519711da53a0456038a0efecbd680"},
    {file = "ruff-0.14.13-py3-none-win_amd64.whl", hash = "sha256:6070bd026e409734b9257e03e3ef18c6e1a216f0435c6751d7a8ec69cb59abef"},
    {file = "ruff-0.14.13-py3-none-win_arm64.whl", hash = "sha256:7ab819e14f1ad9fe39f246cfcc435880ef7a9390d81a2b6ac7e01039083dd247"},
    {file = "ruff-0.14.13.tar.gz", hash = "sha256:83cd6c0763190784b99650a20fec7633c59f6ebe41c5cc9d45ee42749563ad47"},
]

[[package]]
name = "shellingham"
version = "1.5.4"
description = "Tool to Detect Surrounding Shell"
optional = false
python-versions = ">=3.7"
groups = ["main"]
files = [
    {file = "shellingham-1.5.4-py2.py3-none-any.whl", hash = "sha256:7ecfff8f2fd72616f7481040475a65b2bf8af90a56c89140852d1120324e8686"},
    {file = "shellingham-1.5.4.tar.gz", hash = "sha256:8dbca0739d487e5bd35ab3ca4b36e11c4078f3a234bfce294b0a0291363404de"},
]

[[package]]
name = "typer"
version = "0.21.1"
description = "Typer, build great CLIs. Easy to code. Based on Python type hints."
optional = false
python-versions = ">=3.9"
groups = ["main"]
files = [
    {file = "typer-0.21.1-py3-none-any.whl", hash = "sha256:7985e89081c636b88d172c2ee0cfe33c253160994d47bdfdc302defd7d1f1d01"},
    {file = "typer-0.21.1.tar.gz", hash = "sha256:ea835607cd752343b6b2b7ce676893e5a0324082268b48f27aa058bdb7d2145d"},
]

[package.dependencies]
click = ">=8.0.0"
rich = ">=10.11.0"
shellingham = ">=1.3.0"
typing-extensions = ">=3.7.4.3"

[[package]]
name = "typing-extensions"
version = "4.15.0"
description = "Backported and Experimental Type Hints for Python 3.9+"
optional = false
python-versions = ">=3.9"
groups = ["main", "dev"]
files = [
    {file = "typing_extensions-4.15.0-py3-none-any.whl", hash = "sha256:f0fa19c6845758ab08074a0cfa8b7aecb71c999ca73d62883bc25cc018c4e548"},
    {file = "typing_extensions-4.15.0.tar.gz", hash = "sha256:0cea48d173cc12fa28ecabc3b837ea3cf6f38c6d1136f85cbaaf598984861466"},
]

[extras]
dev = ["pyright", "pytest", "pytest-cov", "ruff"]

[metadata]
lock-version = "2.1"
python-versions = ">=3.14"
content-hash = "bf553d4fb6bce84dc8711bf09b8ace97306f4198acd06a30dc064d17671fbff0"
