# This file is automatically @generated by Poetry 2.2.1 and should not be changed by hand.

[[package]]
name = "annotated-doc"
version = "0.0.4"
description = "Document parameters, class attributes, return types, and variables inline, with Annotated."
optional = false
python-versions = ">=3.8"
groups = ["main"]
files = [
    {file = "annotated_doc-0.0.4-py3-none-any.whl", hash = "sha256:571ac1dc6991c450b25a9c2d84a3705e2ae7a53467b5d111c24fa8baabbed320"},
    {file = "annotated_doc-0.0.4.tar.gz", hash = "sha256:fbcda96e87e9c92ad167c2e53839e57503ecfda18804ea28102353485033faa4"},
]

[[package]]
name = "click"
version = "8.3.1"
description = "Composable command line interface toolkit"
optional = false
python-versions = ">=3.10"
groups = ["main"]
files = [
    {file = "click-8.3.1-py3-none-any.whl", hash = "sha256:981153a64e25f12d547d3426c367a4857371575ee7ad18df2a6183ab0545b2a6"},
    {file = "click-8.3.1.tar.gz", hash = "sha256:12ff4785d337a1bb490bb7e9c2b1ee5da3112e94a8622f26a6c77f5d2fc6842a"},
]

[package.dependencies]
colorama = {version = "*", markers = "platform_system == \"Windows\""}

[[package]]
name = "colorama"
version = "0.4.6"
description = "Cross-platform colored terminal text."
optional = false
python-versions = "!=3.0.*,!=3.1.*,!=3.2.*,!=3.3.*,!=3.4.*,!=3.5.*,!=3.6.*,>=2.7"
groups = ["main", "dev"]
files = [
    {file = "colorama-0.4.6-py2.py3-none-any.whl", hash = "sha256:4f1d9991f5acc0ca119f9d443620b77f9d6b33703e51011c16baf57afb285fc6"},
    {file = "colorama-0.4.6.tar.gz", hash = "sha256:08695f5cb7ed6e0531a20572697297273c47b8cae5a63ffc6d6ed5c201be6e44"},
]
markers = {main = "platform_system == \"Windows\" or sys_platform == \"win32\"", dev = "sys_platform == \"win32\""}

[[package]]
name = "coverage"
version = "7.13.1"
description = "Code coverage measurement for Python"
optional = false
python-versions = ">=3.10"
groups = ["main", "dev"]
files = [
    {file = "coverage-7.13.1-cp310-cp310-macosx_10_9_x86_64.whl", hash = "sha256:e1fa280b3ad78eea5be86f94f461c04943d942697e0dac889fa18fff8f5f9147"},
    {file = "coverage-7.13.1-cp310-cp310-macosx_11_0_arm64.whl", hash = "sha256:c3d8c679607220979434f494b139dfb00131ebf70bb406553d69c1ff01a5c33d"},
    {file = "coverage-7.13.1-cp310-cp310-manylinux1_i686.manylinux_2_28_i686.manylinux_2_5_i686.whl", hash = "sha256:339dc63b3eba969067b00f41f15ad161bf2946613156fb131266d8debc8e44d0"},
    {file = "coverage-7.13.1-cp310-cp310-manylinux1_x86_64.manylinux_2_28_x86_64.manylinux_2_5_x86_64.whl", hash = "sha256:db622b999ffe49cb891f2fff3b340cdc2f9797d01a0a202a0973ba2562501d90"},
    {file = "coverage-7.13.1-cp310-cp310-manylinux2014_aarch64.manylinux_2_17_aarch64.manylinux_2_28_aarch64.whl", hash = "sha256:d1443ba9acbb593fa7c1c29e011d7c9761545fe35e7652e85ce7f51a16f7e08d"},
    {file = "coverage-7.13.1-cp310-cp310-manylinux_2_31_riscv64.manylinux_2_39_riscv64.whl", hash = "sha256:c832ec92c4499ac463186af72f9ed4d8daec15499b16f0a879b0d1c8e5cf4a3b"},
    {file = "coverage-7.13.1-cp310-cp310-musllinux_1_2_aarch64.whl", hash = "sha256:562ec27dfa3f311e0db1ba243ec6e5f6ab96b1edfcfc6cf86f28038bc4961ce6"},
    {file = "coverage-7.13.1-cp310-cp310-musllinux_1_2_i686.whl", hash = "sha256:4de84e71173d4dada2897e5a0e1b7877e5eefbfe0d6a44edee6ce31d9b8ec09e"},
    {file = "coverage-7.13.1-cp310-cp310-musllinux_1_2_riscv64.whl", hash = "sha256:a5a68357f686f8c4d527a2dc04f52e669c2fc1cbde38f6f7eb6a0e58cbd17cae"},
    {file = "coverage-7.13.1-cp310-cp310-musllinux_1_2_x86_64.whl", hash = "sha256:77cc258aeb29a3417062758975521eae60af6f79e930d6993555eeac6a8eac29"},
    {file = "coverage-7.13.1-cp310-cp310-win32.whl", hash = "sha256:bb4f8c3c9a9f34423dba193f241f617b08ffc63e27f67159f60ae6baf2dcfe0f"},
    {file = "coverage-7.13.1-cp310-cp310-win_amd64.whl", hash = "sha256:c8e2706ceb622bc63bac98ebb10ef5da80ed70fbd8a7999a5076de3afaef0fb1"},
    {file = "coverage-7.13.1-cp311-cp311-macosx_10_9_x86_64.whl", hash = "sha256:1a55d509a1dc5a5b708b5dad3b5334e07a16ad4c2185e27b40e4dba796ab7f88"},
    {file = "coverage-7.13.1-cp311-cp311-macosx_11_0_arm64.whl", hash = "sha256:4d010d080c4888371033baab27e47c9df7d6fb28d0b7b7adf85a4a49be9298b3"},
    {file = "coverage-7.13.1-cp311-cp311-manylinux1_i686.manylinux_2_28_i686.manylinux_2_5_i686.whl", hash = "sha256:d938b4a840fb1523b9dfbbb454f652967f18e197569c32266d4d13f37244c3d9"},
    {file = "coverage-7.13.1-cp311-cp311-manylinux1_x86_64.manylinux_2_28_x86_64.manylinux_2_5_x86_64.whl", hash = "sha256:bf100a3288f9bb7f919b87eb84f87101e197535b9bd0e2c2b5b3179633324fee"},
    {file = "coverage-7.13.1-cp311-cp311-manylinux2014_aarch64.manylinux_2_17_aarch64.manylinux_2_28_aarch64.whl", hash = "sha256:ef6688db9bf91ba111ae734ba6ef1a063304a881749726e0d3575f5c10a9facf"},
    {file = "coverage-7.13.1-cp311-cp311-manylinux_2_31_riscv64.manylinux_2_39_riscv64.whl", hash = "sha256:0b609fc9cdbd1f02e51f67f51e5aee60a841ef58a68d00d5ee2c0faf357481a3"},
    {file = "coverage-7.13.1-cp311-cp311-musllinux_1_2_aarch64.whl", hash = "sha256:c43257717611ff5e9a1d79dce8e47566235ebda63328718d9b65dd640bc832ef"},
    {file = "coverage-7.13.1-cp311-cp311-musllinux_1_2_i686.whl", hash = "sha256:e09fbecc007f7b6afdfb3b07ce5bd9f8494b6856dd4f577d26c66c391b829851"},
    {file = "coverage-7.13.1-cp311-cp311-musllinux_1_2_riscv64.whl", hash = "sha256:a03a4f3a19a189919c7055098790285cc5c5b0b3976f8d227aea39dbf9f8bfdb"},
    {file = "coverage-7.13.1-cp311-cp311-musllinux_1_2_x86_64.whl", hash = "sha256:3820778ea1387c2b6a818caec01c63adc5b3750211af6447e8dcfb9b6f08dbba"},
    {file = "coverage-7.13.1-cp311-cp311-win32.whl", hash = "sha256:ff10896fa55167371960c5908150b434b71c876dfab97b69478f22c8b445ea19"},
    {file = "coverage-7.13.1-cp311-cp311-win_amd64.whl", hash = "sha256:a998cc0aeeea4c6d5622a3754da5a493055d2d95186bad877b0a34ea6e6dbe0a"},
    {file = "coverage-7.13.1-cp311-cp311-win_arm64.whl", hash = "sha256:fea07c1a39a22614acb762e3fbbb4011f65eedafcb2948feeef641ac78b4ee5c"},
    {file = "coverage-7.13.1-cp312-cp312-macosx_10_13_x86_64.whl", hash = "sha256:6f34591000f06e62085b1865c9bc5f7858df748834662a51edadfd2c3bfe0dd3"},
    {file = "coverage-7.13.1-cp312-cp312-macosx_11_0_arm64.whl", hash = "sha256:b67e47c5595b9224599016e333f5ec25392597a89d5744658f837d204e16c63e"},
    {file = "coverage-7.13.1-cp312-cp312-manylinux1_i686.manylinux_2_28_i686.manylinux_2_5_i686.whl", hash = "sha256:3e7b8bd70c48ffb28461ebe092c2345536fb18bbbf19d287c8913699735f505c"},
    {file = "coverage-7.13.1-cp312-cp312-manylinux1_x86_64.manylinux_2_28_x86_64.manylinux_2_5_x86_64.whl", hash = "sha256:c223d078112e90dc0e5c4e35b98b9584164bea9fbbd221c0b21c5241f6d51b62"},
    {file = "coverage-7.13.1-cp312-cp312-manylinux2014_aarch64.manylinux_2_17_aarch64.manylinux_2_28_aarch64.whl", hash = "sha256:794f7c05af0763b1bbd1b9e6eff0e52ad068be3b12cd96c87de037b01390c968"},
    {file = "coverage-7.13.1-cp312-cp312-manylinux_2_31_riscv64.manylinux_2_39_riscv64.whl", hash = "sha256:0642eae483cc8c2902e4af7298bf886d605e80f26382124cddc3967c2a3df09e"},
    {file = "coverage-7.13.1-cp312-cp312-musllinux_1_2_aarch64.whl", hash = "sha256:9f5e772ed5fef25b3de9f2008fe67b92d46831bd2bc5bdc5dd6bfd06b83b316f"},
    {file = "coverage-7.13.1-cp312-cp312-musllinux_1_2_i686.whl", hash = "sha256:45980ea19277dc0a579e432aef6a504fe098ef3a9032ead15e446eb0f1191aee"},
    {file = "coverage-7.13.1-cp312-cp312-musllinux_1_2_riscv64.whl", hash = "sha256:e4f18eca6028ffa62adbd185a8f1e1dd242f2e68164dba5c2b74a5204850b4cf"},
    {file = "coverage-7.13.1-cp312-cp312-musllinux_1_2_x86_64.whl", hash = "sha256:f8dca5590fec7a89ed6826fce625595279e586ead52e9e958d3237821fbc750c"},
    {file = "coverage-7.13.1-cp312-cp312-win32.whl", hash = "sha256:ff86d4e85188bba72cfb876df3e11fa243439882c55957184af44a35bd5880b7"},
    {file = "coverage-7.13.1-cp312-cp312-win_amd64.whl", hash = "sha256:16cc1da46c04fb0fb128b4dc430b78fa2aba8a6c0c9f8eb391fd5103409a6ac6"},
    {file = "coverage-7.13.1-cp312-cp312-win_arm64.whl", hash = "sha256:8d9bc218650022a768f3775dd7fdac1886437325d8d295d923ebcfef4892ad5c"},
    {file = "coverage-7.13.1-cp313-cp313-macosx_10_13_x86_64.whl", hash = "sha256:cb237bfd0ef4d5eb6a19e29f9e528ac67ac3be932ea6b44fb6cc09b9f3ecff78"},
    {file = "coverage-7.13.1-cp313-cp313-macosx_11_0_arm64.whl", hash = "sha256:1dcb645d7e34dcbcc96cd7c132b1fc55c39263ca62eb961c064eb3928997363b"},
    {file = "coverage-7.13.1-cp313-cp313-manylinux1_i686.manylinux_2_28_i686.manylinux_2_5_i686.whl", hash = "sha256:3d42df8201e00384736f0df9be2ced39324c3907607d17d50d50116c989d84cd"},
    {file = "coverage-7.13.1-cp313-cp313-manylinux1_x86_64.manylinux_2_28_x86_64.manylinux_2_5_x86_64.whl", hash = "sha256:fa3edde1aa8807de1d05934982416cb3ec46d1d4d91e280bcce7cca01c507992"},
    {file = "coverage-7.13.1-cp313-cp313-manylinux2014_aarch64.manylinux_2_17_aarch64.manylinux_2_28_aarch64.whl", hash = "sha256:9edd0e01a343766add6817bc448408858ba6b489039eaaa2018474e4001651a4"},
    {file = "coverage-7.13.1-cp313-cp313-manylinux_2_31_riscv64.manylinux_2_39_riscv64.whl", hash = "sha256:985b7836931d033570b94c94713c6dba5f9d3ff26045f72c3e5dbc5fe3361e5a"},
    {file = "coverage-7.13.1-cp313-cp313-musllinux_1_2_aarch64.whl", hash = "sha256:ffed1e4980889765c84a5d1a566159e363b71d6b6fbaf0bebc9d3c30bc016766"},
    {file = "coverage-7.13.1-cp313-cp313-musllinux_1_2_i686.whl", hash = "sha256:8842af7f175078456b8b17f1b73a0d16a65dcbdc653ecefeb00a56b3c8c298c4"},
    {file = "coverage-7.13.1-cp313-cp313-musllinux_1_2_riscv64.whl", hash = "sha256:ccd7a6fca48ca9c131d9b0a2972a581e28b13416fc313fb98b6d24a03ce9a398"},
    {file = "coverage-7.13.1-cp313-cp313-musllinux_1_2_x86_64.whl", hash = "sha256:0403f647055de2609be776965108447deb8e384fe4a553c119e3ff6bfbab4784"},
    {file = "coverage-7.13.1-cp313-cp313-win32.whl", hash = "sha256:549d195116a1ba1e1ae2f5ca143f9777800f6636eab917d4f02b5310d6d73461"},
    {file = "coverage-7.13.1-cp313-cp313-win_amd64.whl", hash = "sha256:5899d28b5276f536fcf840b18b61a9fce23cc3aec1d114c44c07fe94ebeaa500"},
    {file = "coverage-7.13.1-cp313-cp313-win_arm64.whl", hash = "sha256:868a2fae76dfb06e87291bcbd4dcbcc778a8500510b618d50496e520bd94d9b9"},
    {file = "coverage-7.13.1-cp313-cp313t-macosx_10_13_x86_64.whl", hash = "sha256:67170979de0dacac3f3097d02b0ad188d8edcea44ccc44aaa0550af49150c7dc"},
    {file = "coverage-7.13.1-cp313-cp313t-macosx_11_0_arm64.whl", hash = "sha256:f80e2bb21bfab56ed7405c2d79d34b5dc0bc96c2c1d2a067b643a09fb756c43a"},
    {file = "coverage-7.13.1-cp313-cp313t-manylinux1_i686.manylinux_2_28_i686.manylinux_2_5_i686.whl", hash = "sha256:f83351e0f7dcdb14d7326c3d8d8c4e915fa685cbfdc6281f9470d97a04e9dfe4"},
    {file = "coverage-7.13.1-cp313-cp313t-manylinux1_x86_64.manylinux_2_28_x86_64.manylinux_2_5_x86_64.whl", hash = "sha256:bb3f6562e89bad0110afbe64e485aac2462efdce6232cdec7862a095dc3412f6"},
    {file = "coverage-7.13.1-cp313-cp313t-manylinux2014_aarch64.manylinux_2_17_aarch64.manylinux_2_28_aarch64.whl", hash = "sha256:77545b5dcda13b70f872c3b5974ac64c21d05e65b1590b441c8560115dc3a0d1"},
    {file = "coverage-7.13.1-cp313-cp313t-manylinux_2_31_riscv64.manylinux_2_39_riscv64.whl", hash = "sha256:a4d240d260a1aed814790bbe1f10a5ff31ce6c21bc78f0da4a1e8268d6c80dbd"},
    {file = "coverage-7.13.1-cp313-cp313t-musllinux_1_2_aarch64.whl", hash = "sha256:d2287ac9360dec3837bfdad969963a5d073a09a85d898bd86bea82aa8876ef3c"},
    {file = "coverage-7.13.1-cp313-cp313t-musllinux_1_2_i686.whl", hash = "sha256:0d2c11f3ea4db66b5cbded23b20185c35066892c67d80ec4be4bab257b9ad1e0"},
    {file = "coverage-7.13.1-cp313-cp313t-musllinux_1_2_riscv64.whl", hash = "sha256:3fc6a169517ca0d7ca6846c3c5392ef2b9e38896f61d615cb75b9e7134d4ee1e"},
    {file = "coverage-7.13.1-cp313-cp313t-musllinux_1_2_x86_64.whl", hash = "sha256:d10a2ed46386e850bb3de503a54f9fe8192e5917fcbb143bfef653a9355e9a53"},
    {file = "coverage-7.13.1-cp313-cp313t-win32.whl", hash = "sha256:75a6f4aa904301dab8022397a22c0039edc1f51e90b83dbd4464b8a38dc87842"},
    {file = "coverage-7.13.1-cp313-cp313t-win_amd64.whl", hash = "sha256:309ef5706e95e62578cda256b97f5e097916a2c26247c287bbe74794e7150df2"},
    {file = "coverage-7.13.1-cp313-cp313t-win_arm64.whl", hash = "sha256:92f980729e79b5d16d221038dbf2e8f9a9136afa072f9d5d6ed4cb984b126a09"},
    {file = "coverage-7.13.1-cp314-cp314-macosx_10_15_x86_64.whl", hash = "sha256:97ab3647280d458a1f9adb85244e81587505a43c0c7cff851f5116cd2814b894"},
    {file = "coverage-7.13.1-cp314-cp314-macosx_11_0_arm64.whl", hash = "sha256:8f572d989142e0908e6acf57ad1b9b86989ff057c006d13b76c146ec6a20216a"},
    {file = "coverage-7.13.1-cp314-cp314-manylinux1_i686.manylinux_2_28_i686.manylinux_2_5_i686.whl", hash = "sha256:d72140ccf8a147e94274024ff6fd8fb7811354cf7ef88b1f0a988ebaa5bc774f"},
    {file = "coverage-7.13.1-cp314-cp314-manylinux1_x86_64.manylinux_2_28_x86_64.manylinux_2_5_x86_64.whl", hash = "sha256:d3c9f051b028810f5a87c88e5d6e9af3c0ff32ef62763bf15d29f740453ca909"},
    {file = "coverage-7.13.1-cp314-cp314-manylinux2014_aarch64.manylinux_2_17_aarch64.manylinux_2_28_aarch64.whl", hash = "sha256:f398ba4df52d30b1763f62eed9de5620dcde96e6f491f4c62686736b155aa6e4"},
    {file = "coverage-7.13.1-cp314-cp314-manylinux_2_31_riscv64.manylinux_2_39_riscv64.whl", hash = "sha256:132718176cc723026d201e347f800cd1a9e4b62ccd3f82476950834dad501c75"},
    {file = "coverage-7.13.1-cp314-cp314-musllinux_1_2_aarch64.whl", hash = "sha256:9e549d642426e3579b3f4b92d0431543b012dcb6e825c91619d4e93b7363c3f9"},
    {file = "coverage-7.13.1-cp314-cp314-musllinux_1_2_i686.whl", hash = "sha256:90480b2134999301eea795b3a9dbf606c6fbab1b489150c501da84a959442465"},
    {file = "coverage-7.13.1-cp314-cp314-musllinux_1_2_riscv64.whl", hash = "sha256:e825dbb7f84dfa24663dd75835e7257f8882629fc11f03ecf77d84a75134b864"},
    {file = "coverage-7.13.1-cp314-cp314-musllinux_1_2_x86_64.whl", hash = "sha256:623dcc6d7a7ba450bbdbeedbaa0c42b329bdae16491af2282f12a7e809be7eb9"},
    {file = "coverage-7.13.1-cp314-cp314-win32.whl", hash = "sha256:6e73ebb44dca5f708dc871fe0b90cf4cff1a13f9956f747cc87b535a840386f5"},
    {file = "coverage-7.13.1-cp314-cp314-win_amd64.whl", hash = "sha256:be753b225d159feb397bd0bf91ae86f689bad0da09d3b301478cd39b878ab31a"},
    {file = "coverage-7.13.1-cp314-cp314-win_arm64.whl", hash = "sha256:228b90f613b25ba0019361e4ab81520b343b622fc657daf7e501c4ed6a2366c0"},
    {file = "coverage-7.13.1-cp314-cp314t-macosx_10_15_x86_64.whl", hash = "sha256:60cfb538fe9ef86e5b2ab0ca8fc8d62524777f6c611dcaf76dc16fbe9b8e698a"},
    {file = "coverage-7.13.1-cp314-cp314t-macosx_11_0_arm64.whl", hash = "sha256:57dfc8048c72ba48a8c45e188d811e5efd7e49b387effc8fb17e97936dde5bf6"},
    {file = "coverage-7.13.1-cp314-cp314t-manylinux1_i686.manylinux_2_28_i686.manylinux_2_5_i686.whl", hash = "sha256:3f2f725aa3e909b3c5fdb8192490bdd8e1495e85906af74fe6e34a2a77ba0673"},
    {file = "coverage-7.13.1-cp314-cp314t-manylinux1_x86_64.manylinux_2_28_x86_64.manylinux_2_5_x86_64.whl", hash = "sha256:9ee68b21909686eeb21dfcba2c3b81fee70dcf38b140dcd5aa70680995fa3aa5"},
    {file = "coverage-7.13.1-cp314-cp314t-manylinux2014_aarch64.manylinux_2_17_aarch64.manylinux_2_28_aarch64.whl", hash = "sha256:724b1b270cb13ea2e6503476e34541a0b1f62280bc997eab443f87790202033d"},
    {file = "coverage-7.13.1-cp314-cp314t-manylinux_2_31_riscv64.manylinux_2_39_riscv64.whl", hash = "sha256:916abf1ac5cf7eb16bc540a5bf75c71c43a676f5c52fcb9fe75a2bd75fb944e8"},
    {file = "coverage-7.13.1-cp314-cp314t-musllinux_1_2_aarch64.whl", hash = "sha256:776483fd35b58d8afe3acbd9988d5de592ab6da2d2a865edfdbc9fdb43e7c486"},
    {file = "coverage-7.13.1-cp314-cp314t-musllinux_1_2_i686.whl", hash = "sha256:b6f3b96617e9852703f5b633ea01315ca45c77e879584f283c44127f0f1ec564"},
    {file = "coverage-7.13.1-cp314-cp314t-musllinux_1_2_riscv64.whl", hash = "sha256:bd63e7b74661fed317212fab774e2a648bc4bb09b35f25474f8e3325d2945cd7"},
    {file = "coverage-7.13.1-cp314-cp314t-musllinux_1_2_x86_64.whl", hash = "sha256:933082f161bbb3e9f90d00990dc956120f608cdbcaeea15c4d897f56ef4fe416"},
    {file = "coverage-7.13.1-cp314-cp314t-win32.whl", hash = "sha256:18be793c4c87de2965e1c0f060f03d9e5aff66cfeae8e1dbe6e5b88056ec153f"},
    {file = "coverage-7.13.1-cp314-cp314t-win_amd64.whl", hash = "sha256:0e42e0ec0cd3e0d851cb3c91f770c9301f48647cb2877cb78f74bdaa07639a79"},
    {file = "coverage-7.13.1-cp314-cp314t-win_arm64.whl", hash = "sha256:eaecf47ef10c72ece9a2a92118257da87e460e113b83cc0d2905cbbe931792b4"},
    {file = "coverage-7.13.1-py3-none-any.whl", hash = "sha256:2016745cb3ba554469d02819d78958b571792bb68e31302610e898f80dd3a573"},
    {file = "coverage-7.13.1.tar.gz", hash = "sha256:b7593fe7eb5feaa3fbb461ac79aac9f9fc0387a5ca8080b0c6fe2ca27b091afd"},
]

[package.extras]
toml = ["tomli ; python_full_version <= \"3.11.0a6\""]

[[package]]
name = "iniconfig"
version = "2.3.0"
description = "brain-dead simple config-ini parsing"
optional = false
python-versions = ">=3.10"
groups = ["main", "dev"]
files = [
    {file = "iniconfig-2.3.0-py3-none-any.whl", hash = "sha256:f631c04d2c48c52b84d0d0549c99ff3859c98df65b3101406327ecc7d53fbf12"},
    {file = "iniconfig-2.3.0.tar.gz", hash = "sha256:c76315c77db068650d49c5b56314774a7804df16fee4402c1f19d6d15d8c4730"},
]

[[package]]
name = "markdown-it-py"
version = "4.0.0"
description = "Python port of markdown-it. Markdown parsing, done right!"
optional = false
python-versions = ">=3.10"
groups = ["main"]
files = [
    {file = "markdown_it_py-4.0.0-py3-none-any.whl", hash = "sha256:87327c59b172c5011896038353a81343b6754500a08cd7a4973bb48c6d578147"},
    {file = "markdown_it_py-4.0.0.tar.gz", hash = "sha256:cb0a2b4aa34f932c007117b194e945bd74e0ec24133ceb5bac59009cda1cb9f3"},
]

[package.dependencies]
mdurl = ">=0.1,<1.0"

[package.extras]
benchmarking = ["psutil", "pytest", "pytest-benchmark"]
compare = ["commonmark (>=0.9,<1.0)", "markdown (>=3.4,<4.0)", "markdown-it-pyrs", "mistletoe (>=1.0,<2.0)", "mistune (>=3.0,<4.0)", "panflute (>=2.3,<3.0)"]
linkify = ["linkify-it-py (>=1,<3)"]
plugins = ["mdit-py-plugins (>=0.5.0)"]
profiling = ["gprof2dot"]
rtd = ["ipykernel", "jupyter_sphinx", "mdit-py-plugins (>=0.5.0)", "myst-parser", "pyyaml", "sphinx", "sphinx-book-theme (>=1.0,<2.0)", "sphinx-copybutton", "sphinx-design"]
testing = ["coverage", "pytest", "pytest-cov", "pytest-regressions", "requests"]

[[package]]
name = "mdurl"
version = "0.1.2"
description = "Markdown URL utilities"
optional = false
python-versions = ">=3.7"
groups = ["main"]
files = [
    {file = "mdurl-0.1.2-py3-none-any.whl", hash = "sha256:84008a41e51615a49fc9966191ff91509e3c40b939176e643fd50a5c2196b8f8"},
    {file = "mdurl-0.1.2.tar.gz", hash = "sha256:bb413d29f5eea38f31dd4754dd7377d4465116fb207585f97bf925588687c1ba"},
]

[[package]]
name = "nodeenv"
version = "1.10.0"
description = "Node.js virtual environment builder"
optional = false
python-versions = "!=3.0.*,!=3.1.*,!=3.2.*,!=3.3.*,!=3.4.*,!=3.5.*,!=3.6.*,>=2.7"
groups = ["main", "dev"]
files = [
    {file = "nodeenv-1.10.0-py2.py3-none-any.whl", hash = "sha256:5bb13e3eed2923615535339b3c620e76779af4cb4c6a90deccc9e36b274d3827"},
    {file = "nodeenv-1.10.0.tar.gz", hash = "sha256:996c191ad80897d076bdfba80a41994c2b47c68e224c542b48feba42ba00f8bb"},
]

[[package]]
name = "packaging"
version = "25.0"
description = "Core utilities for Python packages"
optional = false
python-versions = ">=3.8"
groups = ["main", "dev"]
files = [
    {file = "packaging-25.0-py3-none-any.whl", hash = "sha256:29572ef2b1f17581046b3a2227d5c611fb25ec70ca1ba8554b24b0e69331a484"},
    {file = "packaging-25.0.tar.gz", hash = "sha256:d443872c98d677bf60f6a1f2f8c1cb748e8fe762d2bf9d3148b5599295b0fc4f"},
]

[[package]]
name = "pluggy"
version = "1.6.0"
description = "plugin and hook calling mechanisms for python"
optional = false
python-versions = ">=3.9"
groups = ["main", "dev"]
files = [
    {file = "pluggy-1.6.0-py3-none-any.whl", hash = "sha256:e920276dd6813095e9377c0bc5566d94c932c33b27a3e3945d8389c374dd4746"},
    {file = "pluggy-1.6.0.tar.gz", hash = "sha256:7dcc130b76258d33b90f61b658791dede3486c3e6bfb003ee5c9bfb396dd22f3"},
]

[package.extras]
dev = ["pre-commit", "tox"]
testing = ["coverage", "pytest", "pytest-benchmark"]

[[package]]
name = "pycapnp"
version = "2.2.2"
description = "A cython wrapping of the C++ Cap'n Proto library"
optional = false
python-versions = ">=3.8"
groups = ["main"]
files = [
    {file = "pycapnp-2.2.2-cp310-cp310-macosx_10_9_x86_64.whl", hash = "sha256:2ef914139f914d709fbda4b178275d911214f8e742465d70fde2ccdccf5a7ef1"},
    {file = "pycapnp-2.2.2-cp310-cp310-macosx_11_0_arm64.whl", hash = "sha256:c11a80978a8ecac5294bc28a5bc5778c8e9a1a20ef78e7b1a94f71c2bc2c7268"},
    {file = "pycapnp-2.2.2-cp310-cp310-manylinux_2_28_aarch64.whl", hash = "sha256:b85c0c31a5808070260e64262989447f33b7546e25303b7d64d56a99b653044f"},
    {file = "pycapnp-2.2.2-cp310-cp310-manylinux_2_28_i686.whl", hash = "sha256:41d4efb9156a4b8230f64c2d41c96207883e68f31b37e2a799340db8f1956dd7"},
    {file = "pycapnp-2.2.2-cp310-cp310-manylinux_2_28_ppc64le.whl", hash = "sha256:27d933c385ff3db8702eb30c5ad67daf9f91c8ab22ee61358fa88fb875dcad7e"},
    {file = "pycapnp-2.2.2-cp310-cp310-manylinux_2_28_s390x.whl", hash = "sha256:f6a87a1f1c42d703be8cd9fadc81db885b1abb1d0bf1893d55ceaabaf4b16939"},
    {file = "pycapnp-2.2.2-cp310-cp310-manylinux_2_28_x86_64.whl", hash = "sha256:0847f2430816fdaee815c355730a53bc5c035b7a0b6aab6d0fcf33d89b675730"},
    {file = "pycapnp-2.2.2-cp310-cp310-musllinux_1_2_aarch64.whl", hash = "sha256:e3042d48244042b63f433b55f8d90ef58edc1ca1b51f751c8d43c698496ffd0d"},
    {file = "pycapnp-2.2.2-cp310-cp310-musllinux_1_2_i686.whl", hash = "sha256:53d2e280a0bae38b21387caf6312af857973a904dd56498d5abd6d02ec84ec76"},
    {file = "pycapnp-2.2.2-cp310-cp310-musllinux_1_2_ppc64le.whl", hash = "sha256:b6488d6e7aa1611ed4c764fc6f3628951f89b1ec36291a2a163b53a34c49bb9f"},
    {file = "pycapnp-2.2.2-cp310-cp310-musllinux_1_2_s390x.whl", hash = "sha256:25cdb9d48193deda927e7f9572c9ff93173ef983065793381ada8b8f2b4e1fdc"},
    {file = "pycapnp-2.2.2-cp310-cp310-musllinux_1_2_x86_64.whl", hash = "sha256:3fbb2f79c71dc2d6345e334864d1760e83bbe29ce2fcba160be99d48afc9eb39"},
    {file = "pycapnp-2.2.2-cp310-cp310-win32.whl", hash = "sha256:e96d31d2ab9a1ee48b5304751ff603a55a8d99c1f0aad87d20c82b73969d0581"},
    {file = "pycapnp-2.2.2-cp310-cp310-win_amd64.whl", hash = "sha256:4d2b791abc65fa6c052d06f0d6057f6b08a712e8a1068a0b1d8c5e2ddea32dd7"},
    {file = "pycapnp-2.2.2-cp311-cp311-macosx_10_9_x86_64.whl", hash = "sha256:3b49906285d5fdd91b352329eaa33ec54162053a0fae5467389f3762a6c27e09"},
    {file = "pycapnp-2.2.2-cp311-cp311-macosx_11_0_arm64.whl", hash = "sha256:a603298b27356cb1766b4c965964a90a1af98b97c7513a369ed483bb267dfd83"},
    {file = "pycapnp-2.2.2-cp311-cp311-manylinux_2_28_aarch64.whl", hash = "sha256:c858cd32f9b940bd5412e8a992f5b3983010611ad03f2a548f39b50aa5c60e76"},
    {file = "pycapnp-2.2.2-cp311-cp311-manylinux_2_28_i686.whl", hash = "sha256:7fc395295229817b7436702cd3aaaf50a8587a9842b0616d683504f81166c3b0"},
    {file = "pycapnp-2.2.2-cp311-cp311-manylinux_2_28_ppc64le.whl", hash = "sha256:3c64660d72dda255d597151024105318f931404c1f5d8e38d32bd03a5a1cbc5b"},
    {file = "pycapnp-2.2.2-cp311-cp311-manylinux_2_28_s390x.whl", hash = "sha256:0023a873567d1cb2c11de599a3d3a49810bfbbe1eacc66001ff61140a0b57040"},
    {file = "pycapnp-2.2.2-cp311-cp311-manylinux_2_28_x86_64.whl", hash = "sha256:2905d571800c8871b14bba31effc80383d321eaced37506ce050521c5962eb61"},
    {file = "pycapnp-2.2.2-cp311-cp311-musllinux_1_2_aarch64.whl", hash = "sha256:f731680b232235038f4d7390c2e6d6f1dc03d42d0e2c12f72e99e666cefdff01"},
    {file = "pycapnp-2.2.2-cp311-cp311-musllinux_1_2_i686.whl", hash = "sha256:6eed184d6e7e8d2ed7ef3ffd35fc2a6616835342ca99457845945dbe088b8874"},
    {file = "pycapnp-2.2.2-cp311-cp311-musllinux_1_2_ppc64le.whl", hash = "sha256:2e7b6b2339e394cd7aed712d01303313a5e50259d68003ed63b50bf73ba382d5"},
    {file = "pycapnp-2.2.2-cp311-cp311-musllinux_1_2_s390x.whl", hash = "sha256:19a58b202a306c8a5b1ceb939bd1b6521061d161cf7c19fde3fcedc4db6e20dd"},
    {file = "pycapnp-2.2.2-cp311-cp311-musllinux_1_2_x86_64.whl", hash = "sha256:973d132853433054739646958719301bb925621c2649e8dbcee0d7e9aaffa926"},
    {file = "pycapnp-2.2.2-cp311-cp311-win32.whl", hash = "sha256:b2df0674a4edcbf89829e3537815c760b95fae2e37ec0a14af37dda05d62d062"},
    {file = "pycapnp-2.2.2-cp311-cp311-win_amd64.whl", hash = "sha256:a662c8bcc27f00ab86a78d377d01e42a61b510d0e33399267fef7639d020c71f"},
    {file = "pycapnp-2.2.2-cp312-cp312-macosx_10_13_x86_64.whl", hash = "sha256:8b86cb8ea5b8011b562c4e022325a826a62f91196ceb5aa33a766c0bea0b8fd3"},
    {file = "pycapnp-2.2.2-cp312-cp312-macosx_11_0_arm64.whl", hash = "sha256:2353531cfa669e3eeb99be9f993573341650276abec46676d687cc12b3e6b6d9"},
    {file = "pycapnp-2.2.2-cp312-cp312-manylinux_2_28_aarch64.whl", hash = "sha256:ee27bdc78c7ccd8eaa0fe31e09f0ec4ef31deda3f475fc9373bb4b0de8083053"},
    {file = "pycapnp-2.2.2-cp312-cp312-manylinux_2_28_i686.whl", hash = "sha256:a8ded808911d1d7a9a2197626c09eea6e269e74dc1276760789538b1efcf6cd5"},
    {file = "pycapnp-2.2.2-cp312-cp312-manylinux_2_28_ppc64le.whl", hash = "sha256:59e92e1db40041d82a95eab0bd8de2676ce50c6b97c1457e2edde4d134b6d046"},
    {file = "pycapnp-2.2.2-cp312-cp312-manylinux_2_28_s390x.whl", hash = "sha256:ee1e9ac2f0b80fa892b922b60e36efc925d072ecf1204ba3e59d8d9ac7c3dc83"},
    {file = "pycapnp-2.2.2-cp312-cp312-manylinux_2_28_x86_64.whl", hash = "sha256:53273b385be78ed8ac997ff8697f2a4c760e93c190b509822a937de5531f4861"},
    {file = "pycapnp-2.2.2-cp312-cp312-musllinux_1_2_aarch64.whl", hash = "sha256:812cbdd002bc542b63f969b85c6b9041dfdaf4185613635a6d4feea84c9092fa"},
    {file = "pycapnp-2.2.2-cp312-cp312-musllinux_1_2_i686.whl", hash = "sha256:9c330218a44bd649b96f565dbf5326d183fdd20f9887bdedfeabd73f0366c2e1"},
    {file = "pycapnp-2.2.2-cp312-cp312-musllinux_1_2_ppc64le.whl", hash = "sha256:796aa0ba18bcd4e6b2815471bbed059ad7ee8a815a30e81ac8a9aa030ec7818d"},
    {file = "pycapnp-2.2.2-cp312-cp312-musllinux_1_2_s390x.whl", hash = "sha256:251a6abdd64b9b11d2a8e16fc365b922ef6ba6c968959b72a3a3d9d8ec8cc8d7"},
    {file = "pycapnp-2.2.2-cp312-cp312-musllinux_1_2_x86_64.whl", hash = "sha256:6aab811e0fcc27ae8bf5f04dedaa7e0af47e0d4db51d9c85ab0d2dad26a46bd7"},
    {file = "pycapnp-2.2.2-cp312-cp312-win32.whl", hash = "sha256:5061c85dd8f843b2656720ca6976d2a9b418845580c6f6d9602f7119fc2208d5"},
    {file = "pycapnp-2.2.2-cp312-cp312-win_amd64.whl", hash = "sha256:700eb8c77405222903af3fb5a371c0d766f86139c3d51f4bff41ccd6403b51f9"},
    {file = "pycapnp-2.2.2-cp313-cp313-macosx_10_13_x86_64.whl", hash = "sha256:90138fceca1e85ea3eaa0de6656e33c4bef1c8da3c191db0a5b5bacc969f7889"},
    {file = "pycapnp-2.2.2-cp313-cp313-macosx_11_0_arm64.whl", hash = "sha256:cd0549036bfddb003f8e371c3c4ed3f56ac847953eb57cdd371100bb52afa64e"},
    {file = "pycapnp-2.2.2-cp313-cp313-manylinux_2_28_aarch64.whl", hash = "sha256:7c5a8f6d96017a7bb7e202fa8920fcdad119deab0d761f9aca1e6a4755376cef"},
    {file = "pycapnp-2.2.2-cp313-cp313-manylinux_2_28_i686.whl", hash = "sha256:bba31a8ba8ec32a04c5a14a5e469df7e1f1b85e169f49f7c2edfdfb78ec5075f"},
    {file = "pycapnp-2.2.2-cp313-cp313-manylinux_2_28_ppc64le.whl", hash = "sha256:2decdaeb517120e152f7d9ddede393a830087ac3f1024c5224f2ec58e1735abd"},
    {file = "pycapnp-2.2.2-cp313-cp313-manylinux_2_28_s390x.whl", hash = "sha256:e879127ac9580005efcd51ec9ae903f1dd98954fb4ea88db9cf534e9a4afb379"},
    {file = "pycapnp-2.2.2-cp313-cp313-manylinux_2_28_x86_64.whl", hash = "sha256:7092c2393191221b8ce1c03ddc1343d1ff26d36129a831017d2371867e9c09bb"},
    {file = "pycapnp-2.2.2-cp313-cp313-musllinux_1_2_aarch64.whl", hash = "sha256:682812bf9ba4a60309b7150763cd5abed9341a31375398f3d2f60fee26143e13"},
    {file = "pycapnp-2.2.2-cp313-cp313-musllinux_1_2_i686.whl", hash = "sha256:6f321dbf33767bc2fd77dd66265177284697089f9e45b6dee7fd462b2b5cf918"},
    {file = "pycapnp-2.2.2-cp313-cp313-musllinux_1_2_ppc64le.whl", hash = "sha256:1d443d38f1cbeaec5b20b420117885fd5de812c5687e3bc8456d2e2c5cba371e"},
    {file = "pycapnp-2.2.2-cp313-cp313-musllinux_1_2_s390x.whl", hash = "sha256:20a31fedb7ef30ec53d5d2d951a7cec8f639c954557093a3ba3d11aba5d174b4"},
    {file = "pycapnp-2.2.2-cp313-cp313-musllinux_1_2_x86_64.whl", hash = "sha256:fbefb388464501899233d0b7d27256edd22c3cebb5a312da5d9f246671e9455e"},
    {file = "pycapnp-2.2.2-cp313-cp313-win32.whl", hash = "sha256:a25e3b3ef40d430309acc7c024aa62b1ee6b2e7a85b341a8b7a8a6f8e29d4133"},
    {file = "pycapnp-2.2.2-cp313-cp313-win_amd64.whl", hash = "sha256:db65c9ec9d69bac6d19092db43b5e1f3cb2c680810418fd1e02316f7ef157fc1"},
    {file = "pycapnp-2.2.2-cp38-cp38-macosx_10_9_x86_64.whl", hash = "sha256:930b2139f9b99ceec2b93c1a64157d4abe978707d77ab44bcd31c1d67a9fe21b"},
    {file = "pycapnp-2.2.2-cp38-cp38-macosx_11_0_arm64.whl", hash = "sha256:0cb872dc4824fb8c69a30153037bf42f9cd6b7ed506dbd42d415b3a3aa3c0d07"},
    {file = "pycapnp-2.2.2-cp38-cp38-manylinux_2_28_aarch64.whl", hash = "sha256:6754fbc0b5f81d313959e0436f025706b1895d8fc8cfedf124a867b1b2e247b1"},
    {file = "pycapnp-2.2.2-cp38-cp38-manylinux_2_28_i686.whl", hash = "sha256:616efb055cf5b3b8ba424c42744dfc4f589b3ead7256fc6de73526cfb0b691c3"},
    {file = "pycapnp-2.2.2-cp38-cp38-manylinux_2_28_ppc64le.whl", hash = "sha256:a95bbfc095c9a5f1c9ac3398679a8dcfe48a7f0eef6246317660a38136a50e8f"},
    {file = "pycapnp-2.2.2-cp38-cp38-manylinux_2_28_s390x.whl", hash = "sha256:b8ea7be280a0cdf0cd21e6114512ca9d06843d0cdc2cf7f8dc41a01b22cd376d"},
    {file = "pycapnp-2.2.2-cp38-cp38-manylinux_2_28_x86_64.whl", hash = "sha256:fa12d8581d0c532308d1a2e1d17ffe7b8be3b9584ee1f8940257fea8a83aeca3"},
    {file = "pycapnp-2.2.2-cp38-cp38-musllinux_1_2_aarch64.whl", hash = "sha256:b2bc36ec644de523119416fd5b7ecbf602a0b7b9a33a858b51f59a24f21f3266"},
    {file = "pycapnp-2.2.2-cp38-cp38-musllinux_1_2_i686.whl", hash = "sha256:6af0e74a1171905d7660b71077c3ec30cee8eb01da09fe98aa211c59b099fdac"},
    {file = "pycapnp-2.2.2-cp38-cp38-musllinux_1_2_ppc64le.whl", hash = "sha256:a0d70ab06f84f83173e542e7abb343366def51999e331f8d48011dac9ab4c3d7"},
    {file = "pycapnp-2.2.2-cp38-cp38-musllinux_1_2_s390x.whl", hash = "sha256:4050ee430fa507ffe072b1c1e70049d4efde2467c36b4bdbd8b60a2cff6d743b"},
    {file = "pycapnp-2.2.2-cp38-cp38-musllinux_1_2_x86_64.whl", hash = "sha256:cdc9837de841b74e67cc8f1c30303358df8ffb028bff618bb5a36ff7d3b0737b"},
    {file = "pycapnp-2.2.2-cp38-cp38-win32.whl", hash = "sha256:0ff94350882cff82c7baf69430a48adc8753cd48e53de17f98f24ef01771857a"},
    {file = "pycapnp-2.2.2-cp38-cp38-win_amd64.whl", hash = "sha256:f26ab469387b9b530ab553c9d5cba36950f061e2d8673a7d83dac3b2a2d44676"},
    {file = "pycapnp-2.2.2-cp39-cp39-macosx_10_9_x86_64.whl", hash = "sha256:da981499958b03c2b3e61880a7d7f1ae71814bde10934e4dd80fc5f0010b2397"},
    {file = "pycapnp-2.2.2-cp39-cp39-macosx_11_0_arm64.whl", hash = "sha256:cd2db1f30fb355db3356da54ba2b660f0fdc8070a3b160ae450f06e7bdbed556"},
    {file = "pycapnp-2.2.2-cp39-cp39-manylinux_2_28_aarch64.whl", hash = "sha256:fef8152a71e5844fd3a3ddb61c734d349a3cdf105b70f17566475cf701bc45d6"},
    {file = "pycapnp-2.2.2-cp39-cp39-manylinux_2_28_i686.whl", hash = "sha256:d250f2d9b319f5be12ef701dfb9df2ce8e2f0a9e71b3c9ed9689f8c3f780fd80"},
    {file = "pycapnp-2.2.2-cp39-cp39-manylinux_2_28_ppc64le.whl", hash = "sha256:687f56b3a1b7fc73745fc5174b9fcf4e050da7d4d0536b11548453978530d814"},
    {file = "pycapnp-2.2.2-cp39-cp39-manylinux_2_28_s390x.whl", hash = "sha256:985ad6d2e9bd139418f1a6d6aa9e0bc6414220143511782c628c4d939dd7d5b7"},
    {file = "pycapnp-2.2.2-cp39-cp39-manylinux_2_28_x86_64.whl", hash = "sha256:9dea47d7b554ab150486a1b95017bc43e210fc9691f0d06eb3174ed6e4a83316"},
    {file = "pycapnp-2.2.2-cp39-cp39-musllinux_1_2_aarch64.whl", hash = "sha256:e822f5c7c55da330fdc3a3acdce85c5f9c7141b63a6ced534ca57a0aa89ff020"},
    {file = "pycapnp-2.2.2-cp39-cp39-musllinux_1_2_i686.whl", hash = "sha256:57255b3bcc4ed776904071cd4f4c28d79b7df5988600cf90de405785786e0a91"},
    {file = "pycapnp-2.2.2-cp39-cp39-musllinux_1_2_ppc64le.whl", hash = "sha256:81e30555c2f7851cedcea1c5808cf818145e106fae085b1e932406ea28ceb302"},
    {file = "pycapnp-2.2.2-cp39-cp39-musllinux_1_2_s390x.whl", hash = "sha256:348102c8c42fdd6b46f81a4b7b389e2f03a20a38812327e09587f93a5ad1b7e0"},
    {file = "pycapnp-2.2.2-cp39-cp39-musllinux_1_2_x86_64.whl", hash = "sha256:924597b84fa6acff68fbd1b2afb28abd042f1fc45973eac809826f8400df9307"},
    {file = "pycapnp-2.2.2-cp39-cp39-win32.whl", hash = "sha256:6a6a5b21dec7f9e3835bea454e193ba6f19e57697c2464d3cfa02b12cea60b5b"},
    {file = "pycapnp-2.2.2-cp39-cp39-win_amd64.whl", hash = "sha256:49d0b45d40d125d8c886aa93adb5815e1c50210f7259dbe7270c35872142f721"},
    {file = "pycapnp-2.2.2.tar.gz", hash = "sha256:7f6c23c2283173a3cb6f1a5086dd0114779d508a7cd1b138d25a6357857d02b6"},
]

[[package]]
name = "pygments"
version = "2.19.2"
description = "Pygments is a syntax highlighting package written in Python."
optional = false
python-versions = ">=3.8"
groups = ["main", "dev"]
files = [
    {file = "pygments-2.19.2-py3-none-any.whl", hash = "sha256:86540386c03d588bb81d44bc3928634ff26449851e99741617ecb9037ee5ec0b"},
    {file = "pygments-2.19.2.tar.gz", hash = "sha256:636cb2477cec7f8952536970bc533bc43743542f70392ae026374600add5b887"},
]

[package.extras]
windows-terminal = ["colorama (>=0.4.6)"]

[[package]]
name = "pyright"
version = "1.1.408"
description = "Command line wrapper for pyright"
optional = false
python-versions = ">=3.7"
groups = ["main", "dev"]
files = [
    {file = "pyright-1.1.408-py3-none-any.whl", hash = "sha256:090b32865f4fdb1e0e6cd82bf5618480d48eecd2eb2e70f960982a3d9a4c17c1"},
    {file = "pyright-1.1.408.tar.gz", hash = "sha256:f28f2321f96852fa50b5829ea492f6adb0e6954568d1caa3f3af3a5f555eb684"},
]

[package.dependencies]
nodeenv = ">=1.6.0"
typing-extensions = ">=4.1"

[package.extras]
all = ["nodejs-wheel-binaries", "twine (>=3.4.1)"]
dev = ["twine (>=3.4.1)"]
nodejs = ["nodejs-wheel-binaries"]

[[package]]
name = "pytest"
version = "9.0.2"
description = "pytest: simple powerful testing with Python"
optional = false
python-versions = ">=3.10"
groups = ["main", "dev"]
files = [
    {file = "pytest-9.0.2-py3-none-any.whl", hash = "sha256:711ffd45bf766d5264d487b917733b453d917afd2b0ad65223959f59089f875b"},
    {file = "pytest-9.0.2.tar.gz", hash = "sha256:75186651a92bd89611d1d9fc20f0b4345fd827c41ccd5c299a868a05d70edf11"},
]

[package.dependencies]
colorama = {version = ">=0.4", markers = "sys_platform == \"win32\""}
iniconfig = ">=1.0.1"
packaging = ">=22"
pluggy = ">=1.5,<2"
pygments = ">=2.7.2"

[package.extras]
dev = ["argcomplete", "attrs (>=19.2)", "hypothesis (>=3.56)", "mock", "requests", "setuptools", "xmlschema"]

[[package]]
name = "pytest-cov"
version = "7.0.0"
description = "Pytest plugin for measuring coverage."
optional = false
python-versions = ">=3.9"
groups = ["main", "dev"]
files = [
    {file = "pytest_cov-7.0.0-py3-none-any.whl", hash = "sha256:3b8e9558b16cc1479da72058bdecf8073661c7f57f7d3c5f22a1c23507f2d861"},
    {file = "pytest_cov-7.0.0.tar.gz", hash = "sha256:33c97eda2e049a0c5298e91f519302a1334c26ac65c1a483d6206fd458361af1"},
]

[package.dependencies]
coverage = {version = ">=7.10.6", extras = ["toml"]}
pluggy = ">=1.2"
pytest = ">=7"

[package.extras]
testing = ["process-tests", "pytest-xdist", "virtualenv"]

[[package]]
name = "rich"
version = "14.2.0"
description = "Render rich text, tables, progress bars, syntax highlighting, markdown and more to the terminal"
optional = false
python-versions = ">=3.8.0"
groups = ["main"]
files = [
    {file = "rich-14.2.0-py3-none-any.whl", hash = "sha256:76bc51fe2e57d2b1be1f96c524b890b816e334ab4c1e45888799bfaab0021edd"},
    {file = "rich-14.2.0.tar.gz", hash = "sha256:73ff50c7c0c1c77c8243079283f4edb376f0f6442433aecb8ce7e6d0b92d1fe4"},
]

[package.dependencies]
markdown-it-py = ">=2.2.0"
pygments = ">=2.13.0,<3.0.0"

[package.extras]
jupyter = ["ipywidgets (>=7.5.1,<9)"]

[[package]]
name = "ruff"
version = "0.15.5"
description = "An extremely fast Python linter and code formatter, written in Rust."
optional = false
python-versions = ">=3.7"
groups = ["main", "dev"]
files = [
    {file = "ruff-0.15.5-py3-none-linux_armv6l.whl", hash = "sha256:4ae44c42281f42e3b06b988e442d344a5b9b72450ff3c892e30d11b29a96a57c"},
    {file = "ruff-0.15.5-py3-none-macosx_10_12_x86_64.whl", hash = "sha256:6edd3792d408ebcf61adabc01822da687579a1a023f297618ac27a5b51ef0080"},
    {file = "ruff-0.15.5-py3-none-macosx_11_0_arm64.whl", hash = "sha256:89f463f7c8205a9f8dea9d658d59eff49db05f88f89cc3047fb1a02d9f344010"},
    {file = "ruff-0.15.5-py3-none-manylinux_2_17_aarch64.manylinux2014_aarch64.whl", hash = "sha256:ba786a8295c6574c1116704cf0b9e6563de3432ac888d8f83685654fe528fd65"},
    {file = "ruff-0.15.5-py3-none-manylinux_2_17_armv7l.manylinux2014_armv7l.whl", hash = "sha256:fd4b801e57955fe9f02b31d20375ab3a5c4415f2e5105b79fb94cf2642c91440"},
    {file = "ruff-0.15.5-py3-none-manylinux_2_17_i686.manylinux2014_i686.whl", hash = "sha256:391f7c73388f3d8c11b794dbbc2959a5b5afe66642c142a6effa90b45f6f5204"},
    {file = "ruff-0.15.5-py3-none-manylinux_2_17_ppc64le.manylinux2014_ppc64le.whl", hash = "sha256:8dc18f30302e379fe1e998548b0f5e9f4dff907f52f73ad6da419ea9c19d66c8"},
    {file = "ruff-0.15.5-py3-none-manylinux_2_17_s390x.manylinux2014_s390x.whl", hash = "sha256:1cc6e7f90087e2d27f98dc34ed1b3ab7c8f0d273cc5431415454e22c0bd2a681"},
    {file = "ruff-0.15.5-py3-none-manylinux_2_17_x86_64.manylinux2014_x86_64.whl", hash = "sha256:c1cb7169f53c1ddb06e71a9aebd7e98fc0fea936b39afb36d8e86d36ecc2636a"},
    {file = "ruff-0.15.5-py3-none-manylinux_2_31_riscv64.whl", hash = "sha256:9b037924500a31ee17389b5c8c4d88874cc6ea8e42f12e9c61a3d754ff72f1ca"},
    {file = "ruff-0.15.5-py3-none-musllinux_1_2_aarch64.whl", hash = "sha256:65bb414e5b4eadd95a8c1e4804f6772bbe8995889f203a01f77ddf2d790929dd"},
    {file = "ruff-0.15.5-py3-none-musllinux_1_2_armv7l.whl", hash = "sha256:d20aa469ae3b57033519c559e9bc9cd9e782842e39be05b50e852c7c981fa01d"},
    {file = "ruff-0.15.5-py3-none-musllinux_1_2_i686.whl", hash = "sha256:15388dd28c9161cdb8eda68993533acc870aa4e646a0a277aa166de9ad5a8752"},
    {file = "ruff-0.15.5-py3-none-musllinux_1_2_x86_64.whl", hash = "sha256:b30da330cbd03bed0c21420b6b953158f60c74c54c5f4c1dabbdf3a57bf355d2"},
    {file = "ruff-0.15.5-py3-none-win32.whl", hash = "sha256:732e5ee1f98ba5b3679029989a06ca39a950cced52143a0ea82a2102cb592b74"},
    {file = "ruff-0.15.5-py3-none-win_amd64.whl", hash = "sha256:821d41c5fa9e19117616c35eaa3f4b75046ec76c65e7ae20a333e9a8696bc7fe"},
    {file = "ruff-0.15.5-py3-none-win_arm64.whl", hash = "sha256:b498d1c60d2fe5c10c45ec3f698901065772730b411f164ae270bb6bfcc4740b"},
    {file = "ruff-0.15.5.tar.gz", hash = "sha256:7c3601d3b6d76dce18c5c824fc8d06f4eef33d6df0c21ec7799510cde0f159a2"},
]

[[package]]
name = "shellingham"
version = "1.5.4"
description = "Tool to Detect Surrounding Shell"
optional = false
python-versions = ">=3.7"
groups = ["main"]
files = [
    {file = "shellingham-1.5.4-py2.py3-none-any.whl", hash = "sha256:7ecfff8f2fd72616f7481040475a65b2bf8af90a56c89140852d1120324e8686"},
    {file = "shellingham-1.5.4.tar.gz", hash = "sha256:8dbca0739d487e5bd35ab3ca4b36e11c4078f3a234bfce294b0a0291363404de"},
]

[[package]]
name = "typer"
version = "0.24.1"
description = "Typer, build great CLIs. Easy to code. Based on Python type hints."
optional = false
python-versions = ">=3.10"
groups = ["main"]
files = [
    {file = "typer-0.24.1-py3-none-any.whl", hash = "sha256:112c1f0ce578bfb4cab9ffdabc68f031416ebcc216536611ba21f04e9aa84c9e"},
    {file = "typer-0.24.1.tar.gz", hash = "sha256:e39b4732d65fbdcde189ae76cf7cd48aeae72919dea1fdfc16593be016256b45"},
]

[package.dependencies]
annotated-doc = ">=0.0.2"
click = ">=8.2.1"
rich = ">=12.3.0"
shellingham = ">=1.3.0"

[[package]]
name = "typing-extensions"
version = "4.15.0"
description = "Backported and Experimental Type Hints for Python 3.9+"
optional = false
python-versions = ">=3.9"
groups = ["main", "dev"]
files = [
    {file = "typing_extensions-4.15.0-py3-none-any.whl", hash = "sha256:f0fa19c6845758ab08074a0cfa8b7aecb71c999ca73d62883bc25cc018c4e548"},
    {file = "typing_extensions-4.15.0.tar.gz", hash = "sha256:0cea48d173cc12fa28ecabc3b837ea3cf6f38c6d1136f85cbaaf598984861466"},
]

[extras]
dev = ["pyright", "pytest", "pytest-cov", "ruff"]

[metadata]
lock-version = "2.1"
python-versions = ">=3.14"
content-hash = "bf553d4fb6bce84dc8711bf09b8ace97306f4198acd06a30dc064d17671fbff0"
